// !$*UTF8*$!
{
	archiveVersion = 1;
	classes = {
	};
	objectVersion = 50;
	objects = {

/* Begin PBXBuildFile section */
		2190559625F9CA370075EA59 /* AppDelegate.swift in Sources */ = {isa = PBXBuildFile; fileRef = 2190559525F9CA370075EA59 /* AppDelegate.swift */; };
		2190559825F9CA370075EA59 /* SceneDelegate.swift in Sources */ = {isa = PBXBuildFile; fileRef = 2190559725F9CA370075EA59 /* SceneDelegate.swift */; };
		2190559A25F9CA370075EA59 /* ViewController.swift in Sources */ = {isa = PBXBuildFile; fileRef = 2190559925F9CA370075EA59 /* ViewController.swift */; };
		2190559D25F9CA370075EA59 /* Main.storyboard in Resources */ = {isa = PBXBuildFile; fileRef = 2190559B25F9CA370075EA59 /* Main.storyboard */; };
		219055A025F9CA370075EA59 /* MVVMUnitTesting.xcdatamodeld in Sources */ = {isa = PBXBuildFile; fileRef = 2190559E25F9CA370075EA59 /* MVVMUnitTesting.xcdatamodeld */; };
		219055A225F9CA390075EA59 /* Assets.xcassets in Resources */ = {isa = PBXBuildFile; fileRef = 219055A125F9CA390075EA59 /* Assets.xcassets */; };
		219055A525F9CA390075EA59 /* LaunchScreen.storyboard in Resources */ = {isa = PBXBuildFile; fileRef = 219055A325F9CA390075EA59 /* LaunchScreen.storyboard */; };
		219055B425F9CCC80075EA59 /* MVVMUnitTestingTests.swift in Sources */ = {isa = PBXBuildFile; fileRef = 219055B325F9CCC80075EA59 /* MVVMUnitTestingTests.swift */; };
		219055C025F9CE030075EA59 /* Calculator.swift in Sources */ = {isa = PBXBuildFile; fileRef = 219055BF25F9CE030075EA59 /* Calculator.swift */; };
/* End PBXBuildFile section */

/* Begin PBXContainerItemProxy section */
		219055B625F9CCC80075EA59 /* PBXContainerItemProxy */ = {
			isa = PBXContainerItemProxy;
			containerPortal = 2190558A25F9CA370075EA59 /* Project object */;
			proxyType = 1;
			remoteGlobalIDString = 2190559125F9CA370075EA59;
			remoteInfo = MVVMUnitTesting;
		};
/* End PBXContainerItemProxy section */

/* Begin PBXFileReference section */
		2190559225F9CA370075EA59 /* MVVMUnitTesting.app */ = {isa = PBXFileReference; explicitFileType = wrapper.application; includeInIndex = 0; path = MVVMUnitTesting.app; sourceTree = BUILT_PRODUCTS_DIR; };
		2190559525F9CA370075EA59 /* AppDelegate.swift */ = {isa = PBXFileReference; lastKnownFileType = sourcecode.swift; path = AppDelegate.swift; sourceTree = "<group>"; };
		2190559725F9CA370075EA59 /* SceneDelegate.swift */ = {isa = PBXFileReference; lastKnownFileType = sourcecode.swift; path = SceneDelegate.swift; sourceTree = "<group>"; };
		2190559925F9CA370075EA59 /* ViewController.swift */ = {isa = PBXFileReference; lastKnownFileType = sourcecode.swift; path = ViewController.swift; sourceTree = "<group>"; };
		2190559C25F9CA370075EA59 /* Base */ = {isa = PBXFileReference; lastKnownFileType = file.storyboard; name = Base; path = Base.lproj/Main.storyboard; sourceTree = "<group>"; };
		2190559F25F9CA370075EA59 /* MVVMUnitTesting.xcdatamodel */ = {isa = PBXFileReference; lastKnownFileType = wrapper.xcdatamodel; path = MVVMUnitTesting.xcdatamodel; sourceTree = "<group>"; };
		219055A125F9CA390075EA59 /* Assets.xcassets */ = {isa = PBXFileReference; lastKnownFileType = folder.assetcatalog; path = Assets.xcassets; sourceTree = "<group>"; };
		219055A425F9CA390075EA59 /* Base */ = {isa = PBXFileReference; lastKnownFileType = file.storyboard; name = Base; path = Base.lproj/LaunchScreen.storyboard; sourceTree = "<group>"; };
		219055A625F9CA390075EA59 /* Info.plist */ = {isa = PBXFileReference; lastKnownFileType = text.plist.xml; path = Info.plist; sourceTree = "<group>"; };
		219055B125F9CCC80075EA59 /* MVVMUnitTestingTests.xctest */ = {isa = PBXFileReference; explicitFileType = wrapper.cfbundle; includeInIndex = 0; path = MVVMUnitTestingTests.xctest; sourceTree = BUILT_PRODUCTS_DIR; };
		219055B325F9CCC80075EA59 /* MVVMUnitTestingTests.swift */ = {isa = PBXFileReference; lastKnownFileType = sourcecode.swift; path = MVVMUnitTestingTests.swift; sourceTree = "<group>"; };
		219055B525F9CCC80075EA59 /* Info.plist */ = {isa = PBXFileReference; lastKnownFileType = text.plist.xml; path = Info.plist; sourceTree = "<group>"; };
		219055BF25F9CE030075EA59 /* Calculator.swift */ = {isa = PBXFileReference; lastKnownFileType = sourcecode.swift; path = Calculator.swift; sourceTree = "<group>"; };
/* End PBXFileReference section */

/* Begin PBXFrameworksBuildPhase section */
		2190558F25F9CA370075EA59 /* Frameworks */ = {
			isa = PBXFrameworksBuildPhase;
			buildActionMask = 2147483647;
			files = (
			);
			runOnlyForDeploymentPostprocessing = 0;
		};
		219055AE25F9CCC80075EA59 /* Frameworks */ = {
			isa = PBXFrameworksBuildPhase;
			buildActionMask = 2147483647;
			files = (
			);
			runOnlyForDeploymentPostprocessing = 0;
		};
/* End PBXFrameworksBuildPhase section */

/* Begin PBXGroup section */
		2190558925F9CA370075EA59 = {
			isa = PBXGroup;
			children = (
				2190559425F9CA370075EA59 /* MVVMUnitTesting */,
				219055B225F9CCC80075EA59 /* MVVMUnitTestingTests */,
				2190559325F9CA370075EA59 /* Products */,
			);
			sourceTree = "<group>";
		};
		2190559325F9CA370075EA59 /* Products */ = {
			isa = PBXGroup;
			children = (
				2190559225F9CA370075EA59 /* MVVMUnitTesting.app */,
				219055B125F9CCC80075EA59 /* MVVMUnitTestingTests.xctest */,
			);
			name = Products;
			sourceTree = "<group>";
		};
		2190559425F9CA370075EA59 /* MVVMUnitTesting */ = {
			isa = PBXGroup;
			children = (
				2190559525F9CA370075EA59 /* AppDelegate.swift */,
				2190559725F9CA370075EA59 /* SceneDelegate.swift */,
				2190559925F9CA370075EA59 /* ViewController.swift */,
				2190559B25F9CA370075EA59 /* Main.storyboard */,
				219055A125F9CA390075EA59 /* Assets.xcassets */,
				219055A325F9CA390075EA59 /* LaunchScreen.storyboard */,
				219055A625F9CA390075EA59 /* Info.plist */,
				2190559E25F9CA370075EA59 /* MVVMUnitTesting.xcdatamodeld */,
				219055BF25F9CE030075EA59 /* Calculator.swift */,
			);
			path = MVVMUnitTesting;
			sourceTree = "<group>";
		};
		219055B225F9CCC80075EA59 /* MVVMUnitTestingTests */ = {
			isa = PBXGroup;
			children = (
				219055B325F9CCC80075EA59 /* MVVMUnitTestingTests.swift */,
				219055B525F9CCC80075EA59 /* Info.plist */,
			);
			path = MVVMUnitTestingTests;
			sourceTree = "<group>";
		};
/* End PBXGroup section */

/* Begin PBXNativeTarget section */
		2190559125F9CA370075EA59 /* MVVMUnitTesting */ = {
			isa = PBXNativeTarget;
			buildConfigurationList = 219055A925F9CA390075EA59 /* Build configuration list for PBXNativeTarget "MVVMUnitTesting" */;
			buildPhases = (
				2190558E25F9CA370075EA59 /* Sources */,
				2190558F25F9CA370075EA59 /* Frameworks */,
				2190559025F9CA370075EA59 /* Resources */,
			);
			buildRules = (
			);
			dependencies = (
			);
			name = MVVMUnitTesting;
			productName = MVVMUnitTesting;
			productReference = 2190559225F9CA370075EA59 /* MVVMUnitTesting.app */;
			productType = "com.apple.product-type.application";
		};
		219055B025F9CCC80075EA59 /* MVVMUnitTestingTests */ = {
			isa = PBXNativeTarget;
			buildConfigurationList = 219055B825F9CCC80075EA59 /* Build configuration list for PBXNativeTarget "MVVMUnitTestingTests" */;
			buildPhases = (
				219055AD25F9CCC80075EA59 /* Sources */,
				219055AE25F9CCC80075EA59 /* Frameworks */,
				219055AF25F9CCC80075EA59 /* Resources */,
			);
			buildRules = (
			);
			dependencies = (
				219055B725F9CCC80075EA59 /* PBXTargetDependency */,
			);
			name = MVVMUnitTestingTests;
			productName = MVVMUnitTestingTests;
			productReference = 219055B125F9CCC80075EA59 /* MVVMUnitTestingTests.xctest */;
			productType = "com.apple.product-type.bundle.unit-test";
		};
/* End PBXNativeTarget section */

/* Begin PBXProject section */
		2190558A25F9CA370075EA59 /* Project object */ = {
			isa = PBXProject;
			attributes = {
				LastSwiftUpdateCheck = 1210;
				LastUpgradeCheck = 1210;
				TargetAttributes = {
					2190559125F9CA370075EA59 = {
						CreatedOnToolsVersion = 12.1;
					};
					219055B025F9CCC80075EA59 = {
						CreatedOnToolsVersion = 12.1;
					};
				};
			};
			buildConfigurationList = 2190558D25F9CA370075EA59 /* Build configuration list for PBXProject "MVVMUnitTesting" */;
			compatibilityVersion = "Xcode 9.3";
			developmentRegion = en;
			hasScannedForEncodings = 0;
			knownRegions = (
				en,
				Base,
			);
			mainGroup = 2190558925F9CA370075EA59;
			productRefGroup = 2190559325F9CA370075EA59 /* Products */;
			projectDirPath = "";
			projectRoot = "";
			targets = (
				2190559125F9CA370075EA59 /* MVVMUnitTesting */,
				219055B025F9CCC80075EA59 /* MVVMUnitTestingTests */,
			);
		};
/* End PBXProject section */

/* Begin PBXResourcesBuildPhase section */
		2190559025F9CA370075EA59 /* Resources */ = {
			isa = PBXResourcesBuildPhase;
			buildActionMask = 2147483647;
			files = (
				219055A525F9CA390075EA59 /* LaunchScreen.storyboard in Resources */,
				219055A225F9CA390075EA59 /* Assets.xcassets in Resources */,
				2190559D25F9CA370075EA59 /* Main.storyboard in Resources */,
			);
			runOnlyForDeploymentPostprocessing = 0;
		};
		219055AF25F9CCC80075EA59 /* Resources */ = {
			isa = PBXResourcesBuildPhase;
			buildActionMask = 2147483647;
			files = (
			);
			runOnlyForDeploymentPostprocessing = 0;
		};
/* End PBXResourcesBuildPhase section */

/* Begin PBXSourcesBuildPhase section */
		2190558E25F9CA370075EA59 /* Sources */ = {
			isa = PBXSourcesBuildPhase;
			buildActionMask = 2147483647;
			files = (
				219055A025F9CA370075EA59 /* MVVMUnitTesting.xcdatamodeld in Sources */,
				2190559A25F9CA370075EA59 /* ViewController.swift in Sources */,
				2190559625F9CA370075EA59 /* AppDelegate.swift in Sources */,
				219055C025F9CE030075EA59 /* Calculator.swift in Sources */,
				2190559825F9CA370075EA59 /* SceneDelegate.swift in Sources */,
			);
			runOnlyForDeploymentPostprocessing = 0;
		};
		219055AD25F9CCC80075EA59 /* Sources */ = {
			isa = PBXSourcesBuildPhase;
			buildActionMask = 2147483647;
			files = (
				219055B425F9CCC80075EA59 /* MVVMUnitTestingTests.swift in Sources */,
			);
			runOnlyForDeploymentPostprocessing = 0;
		};
/* End PBXSourcesBuildPhase section */

/* Begin PBXTargetDependency section */
		219055B725F9CCC80075EA59 /* PBXTargetDependency */ = {
			isa = PBXTargetDependency;
			target = 2190559125F9CA370075EA59 /* MVVMUnitTesting */;
			targetProxy = 219055B625F9CCC80075EA59 /* PBXContainerItemProxy */;
		};
/* End PBXTargetDependency section */

/* Begin PBXVariantGroup section */
		2190559B25F9CA370075EA59 /* Main.storyboard */ = {
			isa = PBXVariantGroup;
			children = (
				2190559C25F9CA370075EA59 /* Base */,
			);
			name = Main.storyboard;
			sourceTree = "<group>";
		};
		219055A325F9CA390075EA59 /* LaunchScreen.storyboard */ = {
			isa = PBXVariantGroup;
			children = (
				219055A425F9CA390075EA59 /* Base */,
			);
			name = LaunchScreen.storyboard;
			sourceTree = "<group>";
		};
/* End PBXVariantGroup section */

/* Begin XCBuildConfiguration section */
		219055A725F9CA390075EA59 /* Debug */ = {
			isa = XCBuildConfiguration;
			buildSettings = {
				ALWAYS_SEARCH_USER_PATHS = NO;
				CLANG_ANALYZER_NONNULL = YES;
				CLANG_ANALYZER_NUMBER_OBJECT_CONVERSION = YES_AGGRESSIVE;
				CLANG_CXX_LANGUAGE_STANDARD = "gnu++14";
				CLANG_CXX_LIBRARY = "libc++";
				CLANG_ENABLE_MODULES = YES;
				CLANG_ENABLE_OBJC_ARC = YES;
				CLANG_ENABLE_OBJC_WEAK = YES;
				CLANG_WARN_BLOCK_CAPTURE_AUTORELEASING = YES;
				CLANG_WARN_BOOL_CONVERSION = YES;
				CLANG_WARN_COMMA = YES;
				CLANG_WARN_CONSTANT_CONVERSION = YES;
				CLANG_WARN_DEPRECATED_OBJC_IMPLEMENTATIONS = YES;
				CLANG_WARN_DIRECT_OBJC_ISA_USAGE = YES_ERROR;
				CLANG_WARN_DOCUMENTATION_COMMENTS = YES;
				CLANG_WARN_EMPTY_BODY = YES;
				CLANG_WARN_ENUM_CONVERSION = YES;
				CLANG_WARN_INFINITE_RECURSION = YES;
				CLANG_WARN_INT_CONVERSION = YES;
				CLANG_WARN_NON_LITERAL_NULL_CONVERSION = YES;
				CLANG_WARN_OBJC_IMPLICIT_RETAIN_SELF = YES;
				CLANG_WARN_OBJC_LITERAL_CONVERSION = YES;
				CLANG_WARN_OBJC_ROOT_CLASS = YES_ERROR;
				CLANG_WARN_QUOTED_INCLUDE_IN_FRAMEWORK_HEADER = YES;
				CLANG_WARN_RANGE_LOOP_ANALYSIS = YES;
				CLANG_WARN_STRICT_PROTOTYPES = YES;
				CLANG_WARN_SUSPICIOUS_MOVE = YES;
				CLANG_WARN_UNGUARDED_AVAILABILITY = YES_AGGRESSIVE;
				CLANG_WARN_UNREACHABLE_CODE = YES;
				CLANG_WARN__DUPLICATE_METHOD_MATCH = YES;
				COPY_PHASE_STRIP = NO;
				DEBUG_INFORMATION_FORMAT = dwarf;
				ENABLE_STRICT_OBJC_MSGSEND = YES;
				ENABLE_TESTABILITY = YES;
				GCC_C_LANGUAGE_STANDARD = gnu11;
				GCC_DYNAMIC_NO_PIC = NO;
				GCC_NO_COMMON_BLOCKS = YES;
				GCC_OPTIMIZATION_LEVEL = 0;
				GCC_PREPROCESSOR_DEFINITIONS = (
					"DEBUG=1",
					"$(inherited)",
				);
				GCC_WARN_64_TO_32_BIT_CONVERSION = YES;
				GCC_WARN_ABOUT_RETURN_TYPE = YES_ERROR;
				GCC_WARN_UNDECLARED_SELECTOR = YES;
				GCC_WARN_UNINITIALIZED_AUTOS = YES_AGGRESSIVE;
				GCC_WARN_UNUSED_FUNCTION = YES;
				GCC_WARN_UNUSED_VARIABLE = YES;
				IPHONEOS_DEPLOYMENT_TARGET = 14.1;
				MTL_ENABLE_DEBUG_INFO = INCLUDE_SOURCE;
				MTL_FAST_MATH = YES;
				ONLY_ACTIVE_ARCH = YES;
				SDKROOT = iphoneos;
				SWIFT_ACTIVE_COMPILATION_CONDITIONS = DEBUG;
				SWIFT_OPTIMIZATION_LEVEL = "-Onone";
			};
			name = Debug;
		};
		219055A825F9CA390075EA59 /* Release */ = {
			isa = XCBuildConfiguration;
			buildSettings = {
				ALWAYS_SEARCH_USER_PATHS = NO;
				CLANG_ANALYZER_NONNULL = YES;
				CLANG_ANALYZER_NUMBER_OBJECT_CONVERSION = YES_AGGRESSIVE;
				CLANG_CXX_LANGUAGE_STANDARD = "gnu++14";
				CLANG_CXX_LIBRARY = "libc++";
				CLANG_ENABLE_MODULES = YES;
				CLANG_ENABLE_OBJC_ARC = YES;
				CLANG_ENABLE_OBJC_WEAK = YES;
				CLANG_WARN_BLOCK_CAPTURE_AUTORELEASING = YES;
				CLANG_WARN_BOOL_CONVERSION = YES;
				CLANG_WARN_COMMA = YES;
				CLANG_WARN_CONSTANT_CONVERSION = YES;
				CLANG_WARN_DEPRECATED_OBJC_IMPLEMENTATIONS = YES;
				CLANG_WARN_DIRECT_OBJC_ISA_USAGE = YES_ERROR;
				CLANG_WARN_DOCUMENTATION_COMMENTS = YES;
				CLANG_WARN_EMPTY_BODY = YES;
				CLANG_WARN_ENUM_CONVERSION = YES;
				CLANG_WARN_INFINITE_RECURSION = YES;
				CLANG_WARN_INT_CONVERSION = YES;
				CLANG_WARN_NON_LITERAL_NULL_CONVERSION = YES;
				CLANG_WARN_OBJC_IMPLICIT_RETAIN_SELF = YES;
				CLANG_WARN_OBJC_LITERAL_CONVERSION = YES;
				CLANG_WARN_OBJC_ROOT_CLASS = YES_ERROR;
				CLANG_WARN_QUOTED_INCLUDE_IN_FRAMEWORK_HEADER = YES;
				CLANG_WARN_RANGE_LOOP_ANALYSIS = YES;
				CLANG_WARN_STRICT_PROTOTYPES = YES;
				CLANG_WARN_SUSPICIOUS_MOVE = YES;
				CLANG_WARN_UNGUARDED_AVAILABILITY = YES_AGGRESSIVE;
				CLANG_WARN_UNREACHABLE_CODE = YES;
				CLANG_WARN__DUPLICATE_METHOD_MATCH = YES;
				COPY_PHASE_STRIP = NO;
				DEBUG_INFORMATION_FORMAT = "dwarf-with-dsym";
				ENABLE_NS_ASSERTIONS = NO;
				ENABLE_STRICT_OBJC_MSGSEND = YES;
				GCC_C_LANGUAGE_STANDARD = gnu11;
				GCC_NO_COMMON_BLOCKS = YES;
				GCC_WARN_64_TO_32_BIT_CONVERSION = YES;
				GCC_WARN_ABOUT_RETURN_TYPE = YES_ERROR;
				GCC_WARN_UNDECLARED_SELECTOR = YES;
				GCC_WARN_UNINITIALIZED_AUTOS = YES_AGGRESSIVE;
				GCC_WARN_UNUSED_FUNCTION = YES;
				GCC_WARN_UNUSED_VARIABLE = YES;
				IPHONEOS_DEPLOYMENT_TARGET = 14.1;
				MTL_ENABLE_DEBUG_INFO = NO;
				MTL_FAST_MATH = YES;
				SDKROOT = iphoneos;
				SWIFT_COMPILATION_MODE = wholemodule;
				SWIFT_OPTIMIZATION_LEVEL = "-O";
				VALIDATE_PRODUCT = YES;
			};
			name = Release;
		};
		219055AA25F9CA390075EA59 /* Debug */ = {
			isa = XCBuildConfiguration;
			buildSettings = {
				ASSETCATALOG_COMPILER_APPICON_NAME = AppIcon;
				ASSETCATALOG_COMPILER_GLOBAL_ACCENT_COLOR_NAME = AccentColor;
				CODE_SIGN_STYLE = Automatic;
				DEVELOPMENT_TEAM = QLJ84Q3ZSY;
				INFOPLIST_FILE = MVVMUnitTesting/Info.plist;
				LD_RUNPATH_SEARCH_PATHS = (
					"$(inherited)",
					"@executable_path/Frameworks",
				);
				PRODUCT_BUNDLE_IDENTIFIER = com.aveldanov.MVVMUnitTesting;
				PRODUCT_NAME = "$(TARGET_NAME)";
				SWIFT_VERSION = 5.0;
				TARGETED_DEVICE_FAMILY = "1,2";
			};
			name = Debug;
		};
		219055AB25F9CA390075EA59 /* Release */ = {
			isa = XCBuildConfiguration;
			buildSettings = {
				ASSETCATALOG_COMPILER_APPICON_NAME = AppIcon;
				ASSETCATALOG_COMPILER_GLOBAL_ACCENT_COLOR_NAME = AccentColor;
				CODE_SIGN_STYLE = Automatic;
				DEVELOPMENT_TEAM = QLJ84Q3ZSY;
				INFOPLIST_FILE = MVVMUnitTesting/Info.plist;
				LD_RUNPATH_SEARCH_PATHS = (
					"$(inherited)",
					"@executable_path/Frameworks",
				);
				PRODUCT_BUNDLE_IDENTIFIER = com.aveldanov.MVVMUnitTesting;
				PRODUCT_NAME = "$(TARGET_NAME)";
				SWIFT_VERSION = 5.0;
				TARGETED_DEVICE_FAMILY = "1,2";
			};
			name = Release;
		};
		219055B925F9CCC80075EA59 /* Debug */ = {
			isa = XCBuildConfiguration;
			buildSettings = {
				CODE_SIGN_STYLE = Automatic;
				DEVELOPMENT_TEAM = QLJ84Q3ZSY;
				INFOPLIST_FILE = MVVMUnitTestingTests/Info.plist;
				LD_RUNPATH_SEARCH_PATHS = (
					"$(inherited)",
					"@executable_path/Frameworks",
					"@loader_path/Frameworks",
				);
				PRODUCT_BUNDLE_IDENTIFIER = com.aveldanov.MVVMUnitTestingTests;
				PRODUCT_NAME = "$(TARGET_NAME)";
				SWIFT_VERSION = 5.0;
				TARGETED_DEVICE_FAMILY = "1,2";
			};
			name = Debug;
		};
		219055BA25F9CCC80075EA59 /* Release */ = {
			isa = XCBuildConfiguration;
			buildSettings = {
				CODE_SIGN_STYLE = Automatic;
				DEVELOPMENT_TEAM = QLJ84Q3ZSY;
				INFOPLIST_FILE = MVVMUnitTestingTests/Info.plist;
				LD_RUNPATH_SEARCH_PATHS = (
					"$(inherited)",
					"@executable_path/Frameworks",
					"@loader_path/Frameworks",
				);
				PRODUCT_BUNDLE_IDENTIFIER = com.aveldanov.MVVMUnitTestingTests;
				PRODUCT_NAME = "$(TARGET_NAME)";
				SWIFT_VERSION = 5.0;
				TARGETED_DEVICE_FAMILY = "1,2";
			};
			name = Release;
		};
/* End XCBuildConfiguration section */

/* Begin XCConfigurationList section */
		2190558D25F9CA370075EA59 /* Build configuration list for PBXProject "MVVMUnitTesting" */ = {
			isa = XCConfigurationList;
			buildConfigurations = (
				219055A725F9CA390075EA59 /* Debug */,
				219055A825F9CA390075EA59 /* Release */,
			);
			defaultConfigurationIsVisible = 0;
			defaultConfigurationName = Release;
		};
		219055A925F9CA390075EA59 /* Build configuration list for PBXNativeTarget "MVVMUnitTesting" */ = {
			isa = XCConfigurationList;
			buildConfigurations = (
				219055AA25F9CA390075EA59 /* Debug */,
				219055AB25F9CA390075EA59 /* Release */,
			);
			defaultConfigurationIsVisible = 0;
			defaultConfigurationName = Release;
		};
		219055B825F9CCC80075EA59 /* Build configuration list for PBXNativeTarget "MVVMUnitTestingTests" */ = {
			isa = XCConfigurationList;
			buildConfigurations = (
				219055B925F9CCC80075EA59 /* Debug */,
				219055BA25F9CCC80075EA59 /* Release */,
			);
			defaultConfigurationIsVisible = 0;
			defaultConfigurationName = Release;
		};
/* End XCConfigurationList section */

/* Begin XCVersionGroup section */
		2190559E25F9CA370075EA59 /* MVVMUnitTesting.xcdatamodeld */ = {
			isa = XCVersionGroup;
			children = (
				2190559F25F9CA370075EA59 /* MVVMUnitTesting.xcdatamodel */,
			);
			currentVersion = 2190559F25F9CA370075EA59 /* MVVMUnitTesting.xcdatamodel */;
			path = MVVMUnitTesting.xcdatamodeld;
			sourceTree = "<group>";
			versionGroupType = wrapper.xcdatamodel;
		};
/* End XCVersionGroup section */
	};
	rootObject = 2190558A25F9CA370075EA59 /* Project object */;
}
