// !$*UTF8*$!
{
	archiveVersion = 1;
	classes = {
	};
	objectVersion = 50;
	objects = {

/* Begin PBXBuildFile section */
		21CA2DCA2580761200C7E50D /* AppDelegate.swift in Sources */ = {isa = PBXBuildFile; fileRef = 21CA2DC92580761200C7E50D /* AppDelegate.swift */; };
		21CA2DCC2580761200C7E50D /* SceneDelegate.swift in Sources */ = {isa = PBXBuildFile; fileRef = 21CA2DCB2580761200C7E50D /* SceneDelegate.swift */; };
		21CA2DD12580761200C7E50D /* Main.storyboard in Resources */ = {isa = PBXBuildFile; fileRef = 21CA2DCF2580761200C7E50D /* Main.storyboard */; };
		21CA2DD42580761200C7E50D /* NewsListApp.xcdatamodeld in Sources */ = {isa = PBXBuildFile; fileRef = 21CA2DD22580761200C7E50D /* NewsListApp.xcdatamodeld */; };
		21CA2DD62580761400C7E50D /* Assets.xcassets in Resources */ = {isa = PBXBuildFile; fileRef = 21CA2DD52580761400C7E50D /* Assets.xcassets */; };
		21CA2DD92580761400C7E50D /* LaunchScreen.storyboard in Resources */ = {isa = PBXBuildFile; fileRef = 21CA2DD72580761400C7E50D /* LaunchScreen.storyboard */; };
		21CA2DE42580771300C7E50D /* NewsListTableViewController.swift in Sources */ = {isa = PBXBuildFile; fileRef = 21CA2DE32580771300C7E50D /* NewsListTableViewController.swift */; };
		21CA2DEC2580873600C7E50D /* WebService.swift in Sources */ = {isa = PBXBuildFile; fileRef = 21CA2DEB2580873600C7E50D /* WebService.swift */; };
		21CA2DF125808C7E00C7E50D /* Article.swift in Sources */ = {isa = PBXBuildFile; fileRef = 21CA2DF025808C7E00C7E50D /* Article.swift */; };
		21CA2DF6258095BC00C7E50D /* ArticleViewModel.swift in Sources */ = {isa = PBXBuildFile; fileRef = 21CA2DF5258095BC00C7E50D /* ArticleViewModel.swift */; };
		21CA2DFA25809B4D00C7E50D /* ArticleTableViewCell.swift in Sources */ = {isa = PBXBuildFile; fileRef = 21CA2DF925809B4D00C7E50D /* ArticleTableViewCell.swift */; };
/* End PBXBuildFile section */

/* Begin PBXFileReference section */
		21CA2DC62580761200C7E50D /* NewsListApp.app */ = {isa = PBXFileReference; explicitFileType = wrapper.application; includeInIndex = 0; path = NewsListApp.app; sourceTree = BUILT_PRODUCTS_DIR; };
		21CA2DC92580761200C7E50D /* AppDelegate.swift */ = {isa = PBXFileReference; lastKnownFileType = sourcecode.swift; path = AppDelegate.swift; sourceTree = "<group>"; };
		21CA2DCB2580761200C7E50D /* SceneDelegate.swift */ = {isa = PBXFileReference; lastKnownFileType = sourcecode.swift; path = SceneDelegate.swift; sourceTree = "<group>"; };
		21CA2DD02580761200C7E50D /* Base */ = {isa = PBXFileReference; lastKnownFileType = file.storyboard; name = Base; path = Base.lproj/Main.storyboard; sourceTree = "<group>"; };
		21CA2DD32580761200C7E50D /* NewsListApp.xcdatamodel */ = {isa = PBXFileReference; lastKnownFileType = wrapper.xcdatamodel; path = NewsListApp.xcdatamodel; sourceTree = "<group>"; };
		21CA2DD52580761400C7E50D /* Assets.xcassets */ = {isa = PBXFileReference; lastKnownFileType = folder.assetcatalog; path = Assets.xcassets; sourceTree = "<group>"; };
		21CA2DD82580761400C7E50D /* Base */ = {isa = PBXFileReference; lastKnownFileType = file.storyboard; name = Base; path = Base.lproj/LaunchScreen.storyboard; sourceTree = "<group>"; };
		21CA2DDA2580761400C7E50D /* Info.plist */ = {isa = PBXFileReference; lastKnownFileType = text.plist.xml; path = Info.plist; sourceTree = "<group>"; };
		21CA2DE32580771300C7E50D /* NewsListTableViewController.swift */ = {isa = PBXFileReference; lastKnownFileType = sourcecode.swift; path = NewsListTableViewController.swift; sourceTree = "<group>"; };
		21CA2DEB2580873600C7E50D /* WebService.swift */ = {isa = PBXFileReference; lastKnownFileType = sourcecode.swift; path = WebService.swift; sourceTree = "<group>"; };
		21CA2DF025808C7E00C7E50D /* Article.swift */ = {isa = PBXFileReference; lastKnownFileType = sourcecode.swift; path = Article.swift; sourceTree = "<group>"; };
		21CA2DF5258095BC00C7E50D /* ArticleViewModel.swift */ = {isa = PBXFileReference; lastKnownFileType = sourcecode.swift; path = ArticleViewModel.swift; sourceTree = "<group>"; };
		21CA2DF925809B4D00C7E50D /* ArticleTableViewCell.swift */ = {isa = PBXFileReference; lastKnownFileType = sourcecode.swift; path = ArticleTableViewCell.swift; sourceTree = "<group>"; };
/* End PBXFileReference section */

/* Begin PBXFrameworksBuildPhase section */
		21CA2DC32580761200C7E50D /* Frameworks */ = {
			isa = PBXFrameworksBuildPhase;
			buildActionMask = 2147483647;
			files = (
			);
			runOnlyForDeploymentPostprocessing = 0;
		};
/* End PBXFrameworksBuildPhase section */

/* Begin PBXGroup section */
		2155D68B25809F1200782A5A /* View */ = {
			isa = PBXGroup;
			children = (
				21CA2DCF2580761200C7E50D /* Main.storyboard */,
			);
			path = View;
			sourceTree = "<group>";
		};
		21CA2DBD2580761100C7E50D = {
			isa = PBXGroup;
			children = (
				21CA2DC82580761200C7E50D /* NewsListApp */,
				21CA2DC72580761200C7E50D /* Products */,
			);
			sourceTree = "<group>";
		};
		21CA2DC72580761200C7E50D /* Products */ = {
			isa = PBXGroup;
			children = (
				21CA2DC62580761200C7E50D /* NewsListApp.app */,
			);
			name = Products;
			sourceTree = "<group>";
		};
		21CA2DC82580761200C7E50D /* NewsListApp */ = {
			isa = PBXGroup;
			children = (
				2155D68B25809F1200782A5A /* View */,
				21CA2DF825809B3700C7E50D /* Cell */,
				21CA2DF42580959C00C7E50D /* ViewModel */,
				21CA2DEF25808C7300C7E50D /* Model */,
				21CA2DEA2580871900C7E50D /* Services */,
				21CA2DE2258076CF00C7E50D /* Controllers */,
				21CA2DC92580761200C7E50D /* AppDelegate.swift */,
				21CA2DCB2580761200C7E50D /* SceneDelegate.swift */,
				21CA2DD52580761400C7E50D /* Assets.xcassets */,
				21CA2DD72580761400C7E50D /* LaunchScreen.storyboard */,
				21CA2DDA2580761400C7E50D /* Info.plist */,
				21CA2DD22580761200C7E50D /* NewsListApp.xcdatamodeld */,
			);
			path = NewsListApp;
			sourceTree = "<group>";
		};
		21CA2DE2258076CF00C7E50D /* Controllers */ = {
			isa = PBXGroup;
			children = (
				21CA2DE32580771300C7E50D /* NewsListTableViewController.swift */,
			);
			path = Controllers;
			sourceTree = "<group>";
		};
		21CA2DEA2580871900C7E50D /* Services */ = {
			isa = PBXGroup;
			children = (
				21CA2DEB2580873600C7E50D /* WebService.swift */,
			);
			path = Services;
			sourceTree = "<group>";
		};
		21CA2DEF25808C7300C7E50D /* Model */ = {
			isa = PBXGroup;
			children = (
				21CA2DF025808C7E00C7E50D /* Article.swift */,
			);
			path = Model;
			sourceTree = "<group>";
		};
		21CA2DF42580959C00C7E50D /* ViewModel */ = {
			isa = PBXGroup;
			children = (
				21CA2DF5258095BC00C7E50D /* ArticleViewModel.swift */,
			);
			path = ViewModel;
			sourceTree = "<group>";
		};
		21CA2DF825809B3700C7E50D /* Cell */ = {
			isa = PBXGroup;
			children = (
				21CA2DF925809B4D00C7E50D /* ArticleTableViewCell.swift */,
			);
			path = Cell;
			sourceTree = "<group>";
		};
/* End PBXGroup section */

/* Begin PBXNativeTarget section */
		21CA2DC52580761200C7E50D /* NewsListApp */ = {
			isa = PBXNativeTarget;
			buildConfigurationList = 21CA2DDD2580761400C7E50D /* Build configuration list for PBXNativeTarget "NewsListApp" */;
			buildPhases = (
				21CA2DC22580761200C7E50D /* Sources */,
				21CA2DC32580761200C7E50D /* Frameworks */,
				21CA2DC42580761200C7E50D /* Resources */,
			);
			buildRules = (
			);
			dependencies = (
			);
			name = NewsListApp;
			productName = NewsListApp;
			productReference = 21CA2DC62580761200C7E50D /* NewsListApp.app */;
			productType = "com.apple.product-type.application";
		};
/* End PBXNativeTarget section */

/* Begin PBXProject section */
		21CA2DBE2580761100C7E50D /* Project object */ = {
			isa = PBXProject;
			attributes = {
				LastSwiftUpdateCheck = 1220;
				LastUpgradeCheck = 1220;
				TargetAttributes = {
					21CA2DC52580761200C7E50D = {
						CreatedOnToolsVersion = 12.2;
					};
				};
			};
			buildConfigurationList = 21CA2DC12580761100C7E50D /* Build configuration list for PBXProject "NewsListApp" */;
			compatibilityVersion = "Xcode 9.3";
			developmentRegion = en;
			hasScannedForEncodings = 0;
			knownRegions = (
				en,
				Base,
			);
			mainGroup = 21CA2DBD2580761100C7E50D;
			productRefGroup = 21CA2DC72580761200C7E50D /* Products */;
			projectDirPath = "";
			projectRoot = "";
			targets = (
				21CA2DC52580761200C7E50D /* NewsListApp */,
			);
		};
/* End PBXProject section */

/* Begin PBXResourcesBuildPhase section */
		21CA2DC42580761200C7E50D /* Resources */ = {
			isa = PBXResourcesBuildPhase;
			buildActionMask = 2147483647;
			files = (
				21CA2DD92580761400C7E50D /* LaunchScreen.storyboard in Resources */,
				21CA2DD62580761400C7E50D /* Assets.xcassets in Resources */,
				21CA2DD12580761200C7E50D /* Main.storyboard in Resources */,
			);
			runOnlyForDeploymentPostprocessing = 0;
		};
/* End PBXResourcesBuildPhase section */

/* Begin PBXSourcesBuildPhase section */
		21CA2DC22580761200C7E50D /* Sources */ = {
			isa = PBXSourcesBuildPhase;
			buildActionMask = 2147483647;
			files = (
				21CA2DE42580771300C7E50D /* NewsListTableViewController.swift in Sources */,
				21CA2DEC2580873600C7E50D /* WebService.swift in Sources */,
				21CA2DF125808C7E00C7E50D /* Article.swift in Sources */,
				21CA2DCA2580761200C7E50D /* AppDelegate.swift in Sources */,
				21CA2DFA25809B4D00C7E50D /* ArticleTableViewCell.swift in Sources */,
				21CA2DD42580761200C7E50D /* NewsListApp.xcdatamodeld in Sources */,
				21CA2DF6258095BC00C7E50D /* ArticleViewModel.swift in Sources */,
				21CA2DCC2580761200C7E50D /* SceneDelegate.swift in Sources */,
			);
			runOnlyForDeploymentPostprocessing = 0;
		};
/* End PBXSourcesBuildPhase section */

/* Begin PBXVariantGroup section */
		21CA2DCF2580761200C7E50D /* Main.storyboard */ = {
			isa = PBXVariantGroup;
			children = (
				21CA2DD02580761200C7E50D /* Base */,
			);
			name = Main.storyboard;
			sourceTree = "<group>";
		};
		21CA2DD72580761400C7E50D /* LaunchScreen.storyboard */ = {
			isa = PBXVariantGroup;
			children = (
				21CA2DD82580761400C7E50D /* Base */,
			);
			name = LaunchScreen.storyboard;
			sourceTree = "<group>";
		};
/* End PBXVariantGroup section */

/* Begin XCBuildConfiguration section */
		21CA2DDB2580761400C7E50D /* Debug */ = {
			isa = XCBuildConfiguration;
			buildSettings = {
				ALWAYS_SEARCH_USER_PATHS = NO;
				CLANG_ANALYZER_NONNULL = YES;
				CLANG_ANALYZER_NUMBER_OBJECT_CONVERSION = YES_AGGRESSIVE;
				CLANG_CXX_LANGUAGE_STANDARD = "gnu++14";
				CLANG_CXX_LIBRARY = "libc++";
				CLANG_ENABLE_MODULES = YES;
				CLANG_ENABLE_OBJC_ARC = YES;
				CLANG_ENABLE_OBJC_WEAK = YES;
				CLANG_WARN_BLOCK_CAPTURE_AUTORELEASING = YES;
				CLANG_WARN_BOOL_CONVERSION = YES;
				CLANG_WARN_COMMA = YES;
				CLANG_WARN_CONSTANT_CONVERSION = YES;
				CLANG_WARN_DEPRECATED_OBJC_IMPLEMENTATIONS = YES;
				CLANG_WARN_DIRECT_OBJC_ISA_USAGE = YES_ERROR;
				CLANG_WARN_DOCUMENTATION_COMMENTS = YES;
				CLANG_WARN_EMPTY_BODY = YES;
				CLANG_WARN_ENUM_CONVERSION = YES;
				CLANG_WARN_INFINITE_RECURSION = YES;
				CLANG_WARN_INT_CONVERSION = YES;
				CLANG_WARN_NON_LITERAL_NULL_CONVERSION = YES;
				CLANG_WARN_OBJC_IMPLICIT_RETAIN_SELF = YES;
				CLANG_WARN_OBJC_LITERAL_CONVERSION = YES;
				CLANG_WARN_OBJC_ROOT_CLASS = YES_ERROR;
				CLANG_WARN_QUOTED_INCLUDE_IN_FRAMEWORK_HEADER = YES;
				CLANG_WARN_RANGE_LOOP_ANALYSIS = YES;
				CLANG_WARN_STRICT_PROTOTYPES = YES;
				CLANG_WARN_SUSPICIOUS_MOVE = YES;
				CLANG_WARN_UNGUARDED_AVAILABILITY = YES_AGGRESSIVE;
				CLANG_WARN_UNREACHABLE_CODE = YES;
				CLANG_WARN__DUPLICATE_METHOD_MATCH = YES;
				COPY_PHASE_STRIP = NO;
				DEBUG_INFORMATION_FORMAT = dwarf;
				ENABLE_STRICT_OBJC_MSGSEND = YES;
				ENABLE_TESTABILITY = YES;
				GCC_C_LANGUAGE_STANDARD = gnu11;
				GCC_DYNAMIC_NO_PIC = NO;
				GCC_NO_COMMON_BLOCKS = YES;
				GCC_OPTIMIZATION_LEVEL = 0;
				GCC_PREPROCESSOR_DEFINITIONS = (
					"DEBUG=1",
					"$(inherited)",
				);
				GCC_WARN_64_TO_32_BIT_CONVERSION = YES;
				GCC_WARN_ABOUT_RETURN_TYPE = YES_ERROR;
				GCC_WARN_UNDECLARED_SELECTOR = YES;
				GCC_WARN_UNINITIALIZED_AUTOS = YES_AGGRESSIVE;
				GCC_WARN_UNUSED_FUNCTION = YES;
				GCC_WARN_UNUSED_VARIABLE = YES;
				IPHONEOS_DEPLOYMENT_TARGET = 14.2;
				MTL_ENABLE_DEBUG_INFO = INCLUDE_SOURCE;
				MTL_FAST_MATH = YES;
				ONLY_ACTIVE_ARCH = YES;
				SDKROOT = iphoneos;
				SWIFT_ACTIVE_COMPILATION_CONDITIONS = DEBUG;
				SWIFT_OPTIMIZATION_LEVEL = "-Onone";
			};
			name = Debug;
		};
		21CA2DDC2580761400C7E50D /* Release */ = {
			isa = XCBuildConfiguration;
			buildSettings = {
				ALWAYS_SEARCH_USER_PATHS = NO;
				CLANG_ANALYZER_NONNULL = YES;
				CLANG_ANALYZER_NUMBER_OBJECT_CONVERSION = YES_AGGRESSIVE;
				CLANG_CXX_LANGUAGE_STANDARD = "gnu++14";
				CLANG_CXX_LIBRARY = "libc++";
				CLANG_ENABLE_MODULES = YES;
				CLANG_ENABLE_OBJC_ARC = YES;
				CLANG_ENABLE_OBJC_WEAK = YES;
				CLANG_WARN_BLOCK_CAPTURE_AUTORELEASING = YES;
				CLANG_WARN_BOOL_CONVERSION = YES;
				CLANG_WARN_COMMA = YES;
				CLANG_WARN_CONSTANT_CONVERSION = YES;
				CLANG_WARN_DEPRECATED_OBJC_IMPLEMENTATIONS = YES;
				CLANG_WARN_DIRECT_OBJC_ISA_USAGE = YES_ERROR;
				CLANG_WARN_DOCUMENTATION_COMMENTS = YES;
				CLANG_WARN_EMPTY_BODY = YES;
				CLANG_WARN_ENUM_CONVERSION = YES;
				CLANG_WARN_INFINITE_RECURSION = YES;
				CLANG_WARN_INT_CONVERSION = YES;
				CLANG_WARN_NON_LITERAL_NULL_CONVERSION = YES;
				CLANG_WARN_OBJC_IMPLICIT_RETAIN_SELF = YES;
				CLANG_WARN_OBJC_LITERAL_CONVERSION = YES;
				CLANG_WARN_OBJC_ROOT_CLASS = YES_ERROR;
				CLANG_WARN_QUOTED_INCLUDE_IN_FRAMEWORK_HEADER = YES;
				CLANG_WARN_RANGE_LOOP_ANALYSIS = YES;
				CLANG_WARN_STRICT_PROTOTYPES = YES;
				CLANG_WARN_SUSPICIOUS_MOVE = YES;
				CLANG_WARN_UNGUARDED_AVAILABILITY = YES_AGGRESSIVE;
				CLANG_WARN_UNREACHABLE_CODE = YES;
				CLANG_WARN__DUPLICATE_METHOD_MATCH = YES;
				COPY_PHASE_STRIP = NO;
				DEBUG_INFORMATION_FORMAT = "dwarf-with-dsym";
				ENABLE_NS_ASSERTIONS = NO;
				ENABLE_STRICT_OBJC_MSGSEND = YES;
				GCC_C_LANGUAGE_STANDARD = gnu11;
				GCC_NO_COMMON_BLOCKS = YES;
				GCC_WARN_64_TO_32_BIT_CONVERSION = YES;
				GCC_WARN_ABOUT_RETURN_TYPE = YES_ERROR;
				GCC_WARN_UNDECLARED_SELECTOR = YES;
				GCC_WARN_UNINITIALIZED_AUTOS = YES_AGGRESSIVE;
				GCC_WARN_UNUSED_FUNCTION = YES;
				GCC_WARN_UNUSED_VARIABLE = YES;
				IPHONEOS_DEPLOYMENT_TARGET = 14.2;
				MTL_ENABLE_DEBUG_INFO = NO;
				MTL_FAST_MATH = YES;
				SDKROOT = iphoneos;
				SWIFT_COMPILATION_MODE = wholemodule;
				SWIFT_OPTIMIZATION_LEVEL = "-O";
				VALIDATE_PRODUCT = YES;
			};
			name = Release;
		};
		21CA2DDE2580761400C7E50D /* Debug */ = {
			isa = XCBuildConfiguration;
			buildSettings = {
				ASSETCATALOG_COMPILER_APPICON_NAME = AppIcon;
				ASSETCATALOG_COMPILER_GLOBAL_ACCENT_COLOR_NAME = AccentColor;
				CODE_SIGN_STYLE = Automatic;
				DEVELOPMENT_TEAM = QLJ84Q3ZSY;
				INFOPLIST_FILE = NewsListApp/Info.plist;
				LD_RUNPATH_SEARCH_PATHS = (
					"$(inherited)",
					"@executable_path/Frameworks",
				);
				PRODUCT_BUNDLE_IDENTIFIER = com.aveldanov.NewsListApp;
				PRODUCT_NAME = "$(TARGET_NAME)";
				SWIFT_VERSION = 5.0;
				TARGETED_DEVICE_FAMILY = "1,2";
			};
			name = Debug;
		};
		21CA2DDF2580761400C7E50D /* Release */ = {
			isa = XCBuildConfiguration;
			buildSettings = {
				ASSETCATALOG_COMPILER_APPICON_NAME = AppIcon;
				ASSETCATALOG_COMPILER_GLOBAL_ACCENT_COLOR_NAME = AccentColor;
				CODE_SIGN_STYLE = Automatic;
				DEVELOPMENT_TEAM = QLJ84Q3ZSY;
				INFOPLIST_FILE = NewsListApp/Info.plist;
				LD_RUNPATH_SEARCH_PATHS = (
					"$(inherited)",
					"@executable_path/Frameworks",
				);
				PRODUCT_BUNDLE_IDENTIFIER = com.aveldanov.NewsListApp;
				PRODUCT_NAME = "$(TARGET_NAME)";
				SWIFT_VERSION = 5.0;
				TARGETED_DEVICE_FAMILY = "1,2";
			};
			name = Release;
		};
/* End XCBuildConfiguration section */

/* Begin XCConfigurationList section */
		21CA2DC12580761100C7E50D /* Build configuration list for PBXProject "NewsListApp" */ = {
			isa = XCConfigurationList;
			buildConfigurations = (
				21CA2DDB2580761400C7E50D /* Debug */,
				21CA2DDC2580761400C7E50D /* Release */,
			);
			defaultConfigurationIsVisible = 0;
			defaultConfigurationName = Release;
		};
		21CA2DDD2580761400C7E50D /* Build configuration list for PBXNativeTarget "NewsListApp" */ = {
			isa = XCConfigurationList;
			buildConfigurations = (
				21CA2DDE2580761400C7E50D /* Debug */,
				21CA2DDF2580761400C7E50D /* Release */,
			);
			defaultConfigurationIsVisible = 0;
			defaultConfigurationName = Release;
		};
/* End XCConfigurationList section */

/* Begin XCVersionGroup section */
		21CA2DD22580761200C7E50D /* NewsListApp.xcdatamodeld */ = {
			isa = XCVersionGroup;
			children = (
				21CA2DD32580761200C7E50D /* NewsListApp.xcdatamodel */,
			);
			currentVersion = 21CA2DD32580761200C7E50D /* NewsListApp.xcdatamodel */;
			path = NewsListApp.xcdatamodeld;
			sourceTree = "<group>";
			versionGroupType = wrapper.xcdatamodel;
		};
/* End XCVersionGroup section */
	};
	rootObject = 21CA2DBE2580761100C7E50D /* Project object */;
}
