// !$*UTF8*$!
{
	archiveVersion = 1;
	classes = {
	};
	objectVersion = 50;
	objects = {

/* Begin PBXBuildFile section */
		2155D69A2581A7E600782A5A /* AppDelegate.swift in Sources */ = {isa = PBXBuildFile; fileRef = 2155D6992581A7E600782A5A /* AppDelegate.swift */; };
		2155D69C2581A7E600782A5A /* SceneDelegate.swift in Sources */ = {isa = PBXBuildFile; fileRef = 2155D69B2581A7E600782A5A /* SceneDelegate.swift */; };
		2155D6A12581A7E600782A5A /* Main.storyboard in Resources */ = {isa = PBXBuildFile; fileRef = 2155D69F2581A7E600782A5A /* Main.storyboard */; };
		2155D6A42581A7E600782A5A /* MVVMPractice.xcdatamodeld in Sources */ = {isa = PBXBuildFile; fileRef = 2155D6A22581A7E600782A5A /* MVVMPractice.xcdatamodeld */; };
		2155D6A62581A7E900782A5A /* Assets.xcassets in Resources */ = {isa = PBXBuildFile; fileRef = 2155D6A52581A7E900782A5A /* Assets.xcassets */; };
		2155D6A92581A7E900782A5A /* LaunchScreen.storyboard in Resources */ = {isa = PBXBuildFile; fileRef = 2155D6A72581A7E900782A5A /* LaunchScreen.storyboard */; };
		2155D6B52581A85500782A5A /* ListViewTableViewController.swift in Sources */ = {isa = PBXBuildFile; fileRef = 2155D6B42581A85500782A5A /* ListViewTableViewController.swift */; };
		2155D6B92581A87900782A5A /* WebServices.swift in Sources */ = {isa = PBXBuildFile; fileRef = 2155D6B82581A87900782A5A /* WebServices.swift */; };
		2155D6C12581AFAD00782A5A /* Article.swift in Sources */ = {isa = PBXBuildFile; fileRef = 2155D6C02581AFAD00782A5A /* Article.swift */; };
		2155D6C62581B2D300782A5A /* ArticleTableViewCell.swift in Sources */ = {isa = PBXBuildFile; fileRef = 2155D6C52581B2D300782A5A /* ArticleTableViewCell.swift */; };
		2155D6CB2581C18800782A5A /* ArticleViewModel.swift in Sources */ = {isa = PBXBuildFile; fileRef = 2155D6CA2581C18800782A5A /* ArticleViewModel.swift */; };
/* End PBXBuildFile section */

/* Begin PBXFileReference section */
		2155D6962581A7E600782A5A /* MVVMPractice.app */ = {isa = PBXFileReference; explicitFileType = wrapper.application; includeInIndex = 0; path = MVVMPractice.app; sourceTree = BUILT_PRODUCTS_DIR; };
		2155D6992581A7E600782A5A /* AppDelegate.swift */ = {isa = PBXFileReference; lastKnownFileType = sourcecode.swift; path = AppDelegate.swift; sourceTree = "<group>"; };
		2155D69B2581A7E600782A5A /* SceneDelegate.swift */ = {isa = PBXFileReference; lastKnownFileType = sourcecode.swift; path = SceneDelegate.swift; sourceTree = "<group>"; };
		2155D6A02581A7E600782A5A /* Base */ = {isa = PBXFileReference; lastKnownFileType = file.storyboard; name = Base; path = Base.lproj/Main.storyboard; sourceTree = "<group>"; };
		2155D6A32581A7E600782A5A /* MVVMPractice.xcdatamodel */ = {isa = PBXFileReference; lastKnownFileType = wrapper.xcdatamodel; path = MVVMPractice.xcdatamodel; sourceTree = "<group>"; };
		2155D6A52581A7E900782A5A /* Assets.xcassets */ = {isa = PBXFileReference; lastKnownFileType = folder.assetcatalog; path = Assets.xcassets; sourceTree = "<group>"; };
		2155D6A82581A7E900782A5A /* Base */ = {isa = PBXFileReference; lastKnownFileType = file.storyboard; name = Base; path = Base.lproj/LaunchScreen.storyboard; sourceTree = "<group>"; };
		2155D6AA2581A7E900782A5A /* Info.plist */ = {isa = PBXFileReference; lastKnownFileType = text.plist.xml; path = Info.plist; sourceTree = "<group>"; };
		2155D6B42581A85500782A5A /* ListViewTableViewController.swift */ = {isa = PBXFileReference; lastKnownFileType = sourcecode.swift; path = ListViewTableViewController.swift; sourceTree = "<group>"; };
		2155D6B82581A87900782A5A /* WebServices.swift */ = {isa = PBXFileReference; lastKnownFileType = sourcecode.swift; path = WebServices.swift; sourceTree = "<group>"; };
		2155D6C02581AFAD00782A5A /* Article.swift */ = {isa = PBXFileReference; lastKnownFileType = sourcecode.swift; path = Article.swift; sourceTree = "<group>"; };
		2155D6C52581B2D300782A5A /* ArticleTableViewCell.swift */ = {isa = PBXFileReference; lastKnownFileType = sourcecode.swift; path = ArticleTableViewCell.swift; sourceTree = "<group>"; };
		2155D6CA2581C18800782A5A /* ArticleViewModel.swift */ = {isa = PBXFileReference; lastKnownFileType = sourcecode.swift; path = ArticleViewModel.swift; sourceTree = "<group>"; };
/* End PBXFileReference section */

/* Begin PBXFrameworksBuildPhase section */
		2155D6932581A7E500782A5A /* Frameworks */ = {
			isa = PBXFrameworksBuildPhase;
			buildActionMask = 2147483647;
			files = (
			);
			runOnlyForDeploymentPostprocessing = 0;
		};
/* End PBXFrameworksBuildPhase section */

/* Begin PBXGroup section */
		2155D68D2581A7E500782A5A = {
			isa = PBXGroup;
			children = (
				2155D6982581A7E600782A5A /* MVVMPractice */,
				2155D6972581A7E600782A5A /* Products */,
			);
			sourceTree = "<group>";
		};
		2155D6972581A7E600782A5A /* Products */ = {
			isa = PBXGroup;
			children = (
				2155D6962581A7E600782A5A /* MVVMPractice.app */,
			);
			name = Products;
			sourceTree = "<group>";
		};
		2155D6982581A7E600782A5A /* MVVMPractice */ = {
			isa = PBXGroup;
			children = (
				2155D6C92581C16D00782A5A /* ViewModel */,
				2155D6C42581B2C200782A5A /* Cell */,
				2155D6BF2581AF9A00782A5A /* Model */,
				2155D6B72581A86800782A5A /* Services */,
				2155D6B32581A82500782A5A /* Controller */,
				2155D6B22581A80600782A5A /* View */,
				2155D6992581A7E600782A5A /* AppDelegate.swift */,
				2155D69B2581A7E600782A5A /* SceneDelegate.swift */,
				2155D6A52581A7E900782A5A /* Assets.xcassets */,
				2155D6A72581A7E900782A5A /* LaunchScreen.storyboard */,
				2155D6AA2581A7E900782A5A /* Info.plist */,
				2155D6A22581A7E600782A5A /* MVVMPractice.xcdatamodeld */,
			);
			path = MVVMPractice;
			sourceTree = "<group>";
		};
		2155D6B22581A80600782A5A /* View */ = {
			isa = PBXGroup;
			children = (
				2155D69F2581A7E600782A5A /* Main.storyboard */,
			);
			path = View;
			sourceTree = "<group>";
		};
		2155D6B32581A82500782A5A /* Controller */ = {
			isa = PBXGroup;
			children = (
				2155D6B42581A85500782A5A /* ListViewTableViewController.swift */,
			);
			path = Controller;
			sourceTree = "<group>";
		};
		2155D6B72581A86800782A5A /* Services */ = {
			isa = PBXGroup;
			children = (
				2155D6B82581A87900782A5A /* WebServices.swift */,
			);
			path = Services;
			sourceTree = "<group>";
		};
		2155D6BF2581AF9A00782A5A /* Model */ = {
			isa = PBXGroup;
			children = (
				2155D6C02581AFAD00782A5A /* Article.swift */,
			);
			path = Model;
			sourceTree = "<group>";
		};
		2155D6C42581B2C200782A5A /* Cell */ = {
			isa = PBXGroup;
			children = (
				2155D6C52581B2D300782A5A /* ArticleTableViewCell.swift */,
			);
			path = Cell;
			sourceTree = "<group>";
		};
		2155D6C92581C16D00782A5A /* ViewModel */ = {
			isa = PBXGroup;
			children = (
				2155D6CA2581C18800782A5A /* ArticleViewModel.swift */,
			);
			path = ViewModel;
			sourceTree = "<group>";
		};
/* End PBXGroup section */

/* Begin PBXNativeTarget section */
		2155D6952581A7E500782A5A /* MVVMPractice */ = {
			isa = PBXNativeTarget;
			buildConfigurationList = 2155D6AD2581A7E900782A5A /* Build configuration list for PBXNativeTarget "MVVMPractice" */;
			buildPhases = (
				2155D6922581A7E500782A5A /* Sources */,
				2155D6932581A7E500782A5A /* Frameworks */,
				2155D6942581A7E500782A5A /* Resources */,
			);
			buildRules = (
			);
			dependencies = (
			);
			name = MVVMPractice;
			productName = MVVMPractice;
			productReference = 2155D6962581A7E600782A5A /* MVVMPractice.app */;
			productType = "com.apple.product-type.application";
		};
/* End PBXNativeTarget section */

/* Begin PBXProject section */
		2155D68E2581A7E500782A5A /* Project object */ = {
			isa = PBXProject;
			attributes = {
				LastSwiftUpdateCheck = 1220;
				LastUpgradeCheck = 1220;
				TargetAttributes = {
					2155D6952581A7E500782A5A = {
						CreatedOnToolsVersion = 12.2;
					};
				};
			};
			buildConfigurationList = 2155D6912581A7E500782A5A /* Build configuration list for PBXProject "MVVMPractice" */;
			compatibilityVersion = "Xcode 9.3";
			developmentRegion = en;
			hasScannedForEncodings = 0;
			knownRegions = (
				en,
				Base,
			);
			mainGroup = 2155D68D2581A7E500782A5A;
			productRefGroup = 2155D6972581A7E600782A5A /* Products */;
			projectDirPath = "";
			projectRoot = "";
			targets = (
				2155D6952581A7E500782A5A /* MVVMPractice */,
			);
		};
/* End PBXProject section */

/* Begin PBXResourcesBuildPhase section */
		2155D6942581A7E500782A5A /* Resources */ = {
			isa = PBXResourcesBuildPhase;
			buildActionMask = 2147483647;
			files = (
				2155D6A92581A7E900782A5A /* LaunchScreen.storyboard in Resources */,
				2155D6A62581A7E900782A5A /* Assets.xcassets in Resources */,
				2155D6A12581A7E600782A5A /* Main.storyboard in Resources */,
			);
			runOnlyForDeploymentPostprocessing = 0;
		};
/* End PBXResourcesBuildPhase section */

/* Begin PBXSourcesBuildPhase section */
		2155D6922581A7E500782A5A /* Sources */ = {
			isa = PBXSourcesBuildPhase;
			buildActionMask = 2147483647;
			files = (
				2155D69A2581A7E600782A5A /* AppDelegate.swift in Sources */,
				2155D6CB2581C18800782A5A /* ArticleViewModel.swift in Sources */,
				2155D6B92581A87900782A5A /* WebServices.swift in Sources */,
				2155D6C12581AFAD00782A5A /* Article.swift in Sources */,
				2155D6A42581A7E600782A5A /* MVVMPractice.xcdatamodeld in Sources */,
				2155D6B52581A85500782A5A /* ListViewTableViewController.swift in Sources */,
				2155D6C62581B2D300782A5A /* ArticleTableViewCell.swift in Sources */,
				2155D69C2581A7E600782A5A /* SceneDelegate.swift in Sources */,
			);
			runOnlyForDeploymentPostprocessing = 0;
		};
/* End PBXSourcesBuildPhase section */

/* Begin PBXVariantGroup section */
		2155D69F2581A7E600782A5A /* Main.storyboard */ = {
			isa = PBXVariantGroup;
			children = (
				2155D6A02581A7E600782A5A /* Base */,
			);
			name = Main.storyboard;
			sourceTree = "<group>";
		};
		2155D6A72581A7E900782A5A /* LaunchScreen.storyboard */ = {
			isa = PBXVariantGroup;
			children = (
				2155D6A82581A7E900782A5A /* Base */,
			);
			name = LaunchScreen.storyboard;
			sourceTree = "<group>";
		};
/* End PBXVariantGroup section */

/* Begin XCBuildConfiguration section */
		2155D6AB2581A7E900782A5A /* Debug */ = {
			isa = XCBuildConfiguration;
			buildSettings = {
				ALWAYS_SEARCH_USER_PATHS = NO;
				CLANG_ANALYZER_NONNULL = YES;
				CLANG_ANALYZER_NUMBER_OBJECT_CONVERSION = YES_AGGRESSIVE;
				CLANG_CXX_LANGUAGE_STANDARD = "gnu++14";
				CLANG_CXX_LIBRARY = "libc++";
				CLANG_ENABLE_MODULES = YES;
				CLANG_ENABLE_OBJC_ARC = YES;
				CLANG_ENABLE_OBJC_WEAK = YES;
				CLANG_WARN_BLOCK_CAPTURE_AUTORELEASING = YES;
				CLANG_WARN_BOOL_CONVERSION = YES;
				CLANG_WARN_COMMA = YES;
				CLANG_WARN_CONSTANT_CONVERSION = YES;
				CLANG_WARN_DEPRECATED_OBJC_IMPLEMENTATIONS = YES;
				CLANG_WARN_DIRECT_OBJC_ISA_USAGE = YES_ERROR;
				CLANG_WARN_DOCUMENTATION_COMMENTS = YES;
				CLANG_WARN_EMPTY_BODY = YES;
				CLANG_WARN_ENUM_CONVERSION = YES;
				CLANG_WARN_INFINITE_RECURSION = YES;
				CLANG_WARN_INT_CONVERSION = YES;
				CLANG_WARN_NON_LITERAL_NULL_CONVERSION = YES;
				CLANG_WARN_OBJC_IMPLICIT_RETAIN_SELF = YES;
				CLANG_WARN_OBJC_LITERAL_CONVERSION = YES;
				CLANG_WARN_OBJC_ROOT_CLASS = YES_ERROR;
				CLANG_WARN_QUOTED_INCLUDE_IN_FRAMEWORK_HEADER = YES;
				CLANG_WARN_RANGE_LOOP_ANALYSIS = YES;
				CLANG_WARN_STRICT_PROTOTYPES = YES;
				CLANG_WARN_SUSPICIOUS_MOVE = YES;
				CLANG_WARN_UNGUARDED_AVAILABILITY = YES_AGGRESSIVE;
				CLANG_WARN_UNREACHABLE_CODE = YES;
				CLANG_WARN__DUPLICATE_METHOD_MATCH = YES;
				COPY_PHASE_STRIP = NO;
				DEBUG_INFORMATION_FORMAT = dwarf;
				ENABLE_STRICT_OBJC_MSGSEND = YES;
				ENABLE_TESTABILITY = YES;
				GCC_C_LANGUAGE_STANDARD = gnu11;
				GCC_DYNAMIC_NO_PIC = NO;
				GCC_NO_COMMON_BLOCKS = YES;
				GCC_OPTIMIZATION_LEVEL = 0;
				GCC_PREPROCESSOR_DEFINITIONS = (
					"DEBUG=1",
					"$(inherited)",
				);
				GCC_WARN_64_TO_32_BIT_CONVERSION = YES;
				GCC_WARN_ABOUT_RETURN_TYPE = YES_ERROR;
				GCC_WARN_UNDECLARED_SELECTOR = YES;
				GCC_WARN_UNINITIALIZED_AUTOS = YES_AGGRESSIVE;
				GCC_WARN_UNUSED_FUNCTION = YES;
				GCC_WARN_UNUSED_VARIABLE = YES;
				IPHONEOS_DEPLOYMENT_TARGET = 14.2;
				MTL_ENABLE_DEBUG_INFO = INCLUDE_SOURCE;
				MTL_FAST_MATH = YES;
				ONLY_ACTIVE_ARCH = YES;
				SDKROOT = iphoneos;
				SWIFT_ACTIVE_COMPILATION_CONDITIONS = DEBUG;
				SWIFT_OPTIMIZATION_LEVEL = "-Onone";
			};
			name = Debug;
		};
		2155D6AC2581A7E900782A5A /* Release */ = {
			isa = XCBuildConfiguration;
			buildSettings = {
				ALWAYS_SEARCH_USER_PATHS = NO;
				CLANG_ANALYZER_NONNULL = YES;
				CLANG_ANALYZER_NUMBER_OBJECT_CONVERSION = YES_AGGRESSIVE;
				CLANG_CXX_LANGUAGE_STANDARD = "gnu++14";
				CLANG_CXX_LIBRARY = "libc++";
				CLANG_ENABLE_MODULES = YES;
				CLANG_ENABLE_OBJC_ARC = YES;
				CLANG_ENABLE_OBJC_WEAK = YES;
				CLANG_WARN_BLOCK_CAPTURE_AUTORELEASING = YES;
				CLANG_WARN_BOOL_CONVERSION = YES;
				CLANG_WARN_COMMA = YES;
				CLANG_WARN_CONSTANT_CONVERSION = YES;
				CLANG_WARN_DEPRECATED_OBJC_IMPLEMENTATIONS = YES;
				CLANG_WARN_DIRECT_OBJC_ISA_USAGE = YES_ERROR;
				CLANG_WARN_DOCUMENTATION_COMMENTS = YES;
				CLANG_WARN_EMPTY_BODY = YES;
				CLANG_WARN_ENUM_CONVERSION = YES;
				CLANG_WARN_INFINITE_RECURSION = YES;
				CLANG_WARN_INT_CONVERSION = YES;
				CLANG_WARN_NON_LITERAL_NULL_CONVERSION = YES;
				CLANG_WARN_OBJC_IMPLICIT_RETAIN_SELF = YES;
				CLANG_WARN_OBJC_LITERAL_CONVERSION = YES;
				CLANG_WARN_OBJC_ROOT_CLASS = YES_ERROR;
				CLANG_WARN_QUOTED_INCLUDE_IN_FRAMEWORK_HEADER = YES;
				CLANG_WARN_RANGE_LOOP_ANALYSIS = YES;
				CLANG_WARN_STRICT_PROTOTYPES = YES;
				CLANG_WARN_SUSPICIOUS_MOVE = YES;
				CLANG_WARN_UNGUARDED_AVAILABILITY = YES_AGGRESSIVE;
				CLANG_WARN_UNREACHABLE_CODE = YES;
				CLANG_WARN__DUPLICATE_METHOD_MATCH = YES;
				COPY_PHASE_STRIP = NO;
				DEBUG_INFORMATION_FORMAT = "dwarf-with-dsym";
				ENABLE_NS_ASSERTIONS = NO;
				ENABLE_STRICT_OBJC_MSGSEND = YES;
				GCC_C_LANGUAGE_STANDARD = gnu11;
				GCC_NO_COMMON_BLOCKS = YES;
				GCC_WARN_64_TO_32_BIT_CONVERSION = YES;
				GCC_WARN_ABOUT_RETURN_TYPE = YES_ERROR;
				GCC_WARN_UNDECLARED_SELECTOR = YES;
				GCC_WARN_UNINITIALIZED_AUTOS = YES_AGGRESSIVE;
				GCC_WARN_UNUSED_FUNCTION = YES;
				GCC_WARN_UNUSED_VARIABLE = YES;
				IPHONEOS_DEPLOYMENT_TARGET = 14.2;
				MTL_ENABLE_DEBUG_INFO = NO;
				MTL_FAST_MATH = YES;
				SDKROOT = iphoneos;
				SWIFT_COMPILATION_MODE = wholemodule;
				SWIFT_OPTIMIZATION_LEVEL = "-O";
				VALIDATE_PRODUCT = YES;
			};
			name = Release;
		};
		2155D6AE2581A7E900782A5A /* Debug */ = {
			isa = XCBuildConfiguration;
			buildSettings = {
				ASSETCATALOG_COMPILER_APPICON_NAME = AppIcon;
				ASSETCATALOG_COMPILER_GLOBAL_ACCENT_COLOR_NAME = AccentColor;
				CODE_SIGN_STYLE = Automatic;
				DEVELOPMENT_TEAM = QLJ84Q3ZSY;
				INFOPLIST_FILE = MVVMPractice/Info.plist;
				LD_RUNPATH_SEARCH_PATHS = (
					"$(inherited)",
					"@executable_path/Frameworks",
				);
				PRODUCT_BUNDLE_IDENTIFIER = com.aveldanov.MVVMPractice;
				PRODUCT_NAME = "$(TARGET_NAME)";
				SWIFT_VERSION = 5.0;
				TARGETED_DEVICE_FAMILY = "1,2";
			};
			name = Debug;
		};
		2155D6AF2581A7E900782A5A /* Release */ = {
			isa = XCBuildConfiguration;
			buildSettings = {
				ASSETCATALOG_COMPILER_APPICON_NAME = AppIcon;
				ASSETCATALOG_COMPILER_GLOBAL_ACCENT_COLOR_NAME = AccentColor;
				CODE_SIGN_STYLE = Automatic;
				DEVELOPMENT_TEAM = QLJ84Q3ZSY;
				INFOPLIST_FILE = MVVMPractice/Info.plist;
				LD_RUNPATH_SEARCH_PATHS = (
					"$(inherited)",
					"@executable_path/Frameworks",
				);
				PRODUCT_BUNDLE_IDENTIFIER = com.aveldanov.MVVMPractice;
				PRODUCT_NAME = "$(TARGET_NAME)";
				SWIFT_VERSION = 5.0;
				TARGETED_DEVICE_FAMILY = "1,2";
			};
			name = Release;
		};
/* End XCBuildConfiguration section */

/* Begin XCConfigurationList section */
		2155D6912581A7E500782A5A /* Build configuration list for PBXProject "MVVMPractice" */ = {
			isa = XCConfigurationList;
			buildConfigurations = (
				2155D6AB2581A7E900782A5A /* Debug */,
				2155D6AC2581A7E900782A5A /* Release */,
			);
			defaultConfigurationIsVisible = 0;
			defaultConfigurationName = Release;
		};
		2155D6AD2581A7E900782A5A /* Build configuration list for PBXNativeTarget "MVVMPractice" */ = {
			isa = XCConfigurationList;
			buildConfigurations = (
				2155D6AE2581A7E900782A5A /* Debug */,
				2155D6AF2581A7E900782A5A /* Release */,
			);
			defaultConfigurationIsVisible = 0;
			defaultConfigurationName = Release;
		};
/* End XCConfigurationList section */

/* Begin XCVersionGroup section */
		2155D6A22581A7E600782A5A /* MVVMPractice.xcdatamodeld */ = {
			isa = XCVersionGroup;
			children = (
				2155D6A32581A7E600782A5A /* MVVMPractice.xcdatamodel */,
			);
			currentVersion = 2155D6A32581A7E600782A5A /* MVVMPractice.xcdatamodel */;
			path = MVVMPractice.xcdatamodeld;
			sourceTree = "<group>";
			versionGroupType = wrapper.xcdatamodel;
		};
/* End XCVersionGroup section */
	};
	rootObject = 2155D68E2581A7E500782A5A /* Project object */;
}
