// !$*UTF8*$!
{
	archiveVersion = 1;
	classes = {
	};
	objectVersion = 50;
	objects = {

/* Begin PBXBuildFile section */
		2190555525F5B1130075EA59 /* AppDelegate.swift in Sources */ = {isa = PBXBuildFile; fileRef = 2190555425F5B1130075EA59 /* AppDelegate.swift */; };
		2190555725F5B1130075EA59 /* SceneDelegate.swift in Sources */ = {isa = PBXBuildFile; fileRef = 2190555625F5B1130075EA59 /* SceneDelegate.swift */; };
		2190555C25F5B1130075EA59 /* Main.storyboard in Resources */ = {isa = PBXBuildFile; fileRef = 2190555A25F5B1130075EA59 /* Main.storyboard */; };
		2190555F25F5B1130075EA59 /* IntoNewsApp.xcdatamodeld in Sources */ = {isa = PBXBuildFile; fileRef = 2190555D25F5B1130075EA59 /* IntoNewsApp.xcdatamodeld */; };
		2190556125F5B1150075EA59 /* Assets.xcassets in Resources */ = {isa = PBXBuildFile; fileRef = 2190556025F5B1150075EA59 /* Assets.xcassets */; };
		2190556425F5B1150075EA59 /* LaunchScreen.storyboard in Resources */ = {isa = PBXBuildFile; fileRef = 2190556225F5B1150075EA59 /* LaunchScreen.storyboard */; };
		2190556F25F5B1780075EA59 /* NewsListTableViewController.swift in Sources */ = {isa = PBXBuildFile; fileRef = 2190556E25F5B1780075EA59 /* NewsListTableViewController.swift */; };
/* End PBXBuildFile section */

/* Begin PBXFileReference section */
		2190555125F5B1130075EA59 /* IntoNewsApp.app */ = {isa = PBXFileReference; explicitFileType = wrapper.application; includeInIndex = 0; path = IntoNewsApp.app; sourceTree = BUILT_PRODUCTS_DIR; };
		2190555425F5B1130075EA59 /* AppDelegate.swift */ = {isa = PBXFileReference; lastKnownFileType = sourcecode.swift; path = AppDelegate.swift; sourceTree = "<group>"; };
		2190555625F5B1130075EA59 /* SceneDelegate.swift */ = {isa = PBXFileReference; lastKnownFileType = sourcecode.swift; path = SceneDelegate.swift; sourceTree = "<group>"; };
		2190555B25F5B1130075EA59 /* Base */ = {isa = PBXFileReference; lastKnownFileType = file.storyboard; name = Base; path = Base.lproj/Main.storyboard; sourceTree = "<group>"; };
		2190555E25F5B1130075EA59 /* IntoNewsApp.xcdatamodel */ = {isa = PBXFileReference; lastKnownFileType = wrapper.xcdatamodel; path = IntoNewsApp.xcdatamodel; sourceTree = "<group>"; };
		2190556025F5B1150075EA59 /* Assets.xcassets */ = {isa = PBXFileReference; lastKnownFileType = folder.assetcatalog; path = Assets.xcassets; sourceTree = "<group>"; };
		2190556325F5B1150075EA59 /* Base */ = {isa = PBXFileReference; lastKnownFileType = file.storyboard; name = Base; path = Base.lproj/LaunchScreen.storyboard; sourceTree = "<group>"; };
		2190556525F5B1150075EA59 /* Info.plist */ = {isa = PBXFileReference; lastKnownFileType = text.plist.xml; path = Info.plist; sourceTree = "<group>"; };
		2190556E25F5B1780075EA59 /* NewsListTableViewController.swift */ = {isa = PBXFileReference; lastKnownFileType = sourcecode.swift; path = NewsListTableViewController.swift; sourceTree = "<group>"; };
/* End PBXFileReference section */

/* Begin PBXFrameworksBuildPhase section */
		2190554E25F5B1130075EA59 /* Frameworks */ = {
			isa = PBXFrameworksBuildPhase;
			buildActionMask = 2147483647;
			files = (
			);
			runOnlyForDeploymentPostprocessing = 0;
		};
/* End PBXFrameworksBuildPhase section */

/* Begin PBXGroup section */
		2190554825F5B1130075EA59 = {
			isa = PBXGroup;
			children = (
				2190555325F5B1130075EA59 /* IntoNewsApp */,
				2190555225F5B1130075EA59 /* Products */,
			);
			sourceTree = "<group>";
		};
		2190555225F5B1130075EA59 /* Products */ = {
			isa = PBXGroup;
			children = (
				2190555125F5B1130075EA59 /* IntoNewsApp.app */,
			);
			name = Products;
			sourceTree = "<group>";
		};
		2190555325F5B1130075EA59 /* IntoNewsApp */ = {
			isa = PBXGroup;
			children = (
				2190556D25F5B1470075EA59 /* Controllers */,
				2190555425F5B1130075EA59 /* AppDelegate.swift */,
				2190555625F5B1130075EA59 /* SceneDelegate.swift */,
				2190555A25F5B1130075EA59 /* Main.storyboard */,
				2190556025F5B1150075EA59 /* Assets.xcassets */,
				2190556225F5B1150075EA59 /* LaunchScreen.storyboard */,
				2190556525F5B1150075EA59 /* Info.plist */,
				2190555D25F5B1130075EA59 /* IntoNewsApp.xcdatamodeld */,
			);
			path = IntoNewsApp;
			sourceTree = "<group>";
		};
		2190556D25F5B1470075EA59 /* Controllers */ = {
			isa = PBXGroup;
			children = (
				2190556E25F5B1780075EA59 /* NewsListTableViewController.swift */,
			);
			path = Controllers;
			sourceTree = "<group>";
		};
/* End PBXGroup section */

/* Begin PBXNativeTarget section */
		2190555025F5B1130075EA59 /* IntoNewsApp */ = {
			isa = PBXNativeTarget;
			buildConfigurationList = 2190556825F5B1150075EA59 /* Build configuration list for PBXNativeTarget "IntoNewsApp" */;
			buildPhases = (
				2190554D25F5B1130075EA59 /* Sources */,
				2190554E25F5B1130075EA59 /* Frameworks */,
				2190554F25F5B1130075EA59 /* Resources */,
			);
			buildRules = (
			);
			dependencies = (
			);
			name = IntoNewsApp;
			productName = IntoNewsApp;
			productReference = 2190555125F5B1130075EA59 /* IntoNewsApp.app */;
			productType = "com.apple.product-type.application";
		};
/* End PBXNativeTarget section */

/* Begin PBXProject section */
		2190554925F5B1130075EA59 /* Project object */ = {
			isa = PBXProject;
			attributes = {
				LastSwiftUpdateCheck = 1210;
				LastUpgradeCheck = 1210;
				TargetAttributes = {
					2190555025F5B1130075EA59 = {
						CreatedOnToolsVersion = 12.1;
					};
				};
			};
			buildConfigurationList = 2190554C25F5B1130075EA59 /* Build configuration list for PBXProject "IntoNewsApp" */;
			compatibilityVersion = "Xcode 9.3";
			developmentRegion = en;
			hasScannedForEncodings = 0;
			knownRegions = (
				en,
				Base,
			);
			mainGroup = 2190554825F5B1130075EA59;
			productRefGroup = 2190555225F5B1130075EA59 /* Products */;
			projectDirPath = "";
			projectRoot = "";
			targets = (
				2190555025F5B1130075EA59 /* IntoNewsApp */,
			);
		};
/* End PBXProject section */

/* Begin PBXResourcesBuildPhase section */
		2190554F25F5B1130075EA59 /* Resources */ = {
			isa = PBXResourcesBuildPhase;
			buildActionMask = 2147483647;
			files = (
				2190556425F5B1150075EA59 /* LaunchScreen.storyboard in Resources */,
				2190556125F5B1150075EA59 /* Assets.xcassets in Resources */,
				2190555C25F5B1130075EA59 /* Main.storyboard in Resources */,
			);
			runOnlyForDeploymentPostprocessing = 0;
		};
/* End PBXResourcesBuildPhase section */

/* Begin PBXSourcesBuildPhase section */
		2190554D25F5B1130075EA59 /* Sources */ = {
			isa = PBXSourcesBuildPhase;
			buildActionMask = 2147483647;
			files = (
				2190556F25F5B1780075EA59 /* NewsListTableViewController.swift in Sources */,
				2190555F25F5B1130075EA59 /* IntoNewsApp.xcdatamodeld in Sources */,
				2190555525F5B1130075EA59 /* AppDelegate.swift in Sources */,
				2190555725F5B1130075EA59 /* SceneDelegate.swift in Sources */,
			);
			runOnlyForDeploymentPostprocessing = 0;
		};
/* End PBXSourcesBuildPhase section */

/* Begin PBXVariantGroup section */
		2190555A25F5B1130075EA59 /* Main.storyboard */ = {
			isa = PBXVariantGroup;
			children = (
				2190555B25F5B1130075EA59 /* Base */,
			);
			name = Main.storyboard;
			sourceTree = "<group>";
		};
		2190556225F5B1150075EA59 /* LaunchScreen.storyboard */ = {
			isa = PBXVariantGroup;
			children = (
				2190556325F5B1150075EA59 /* Base */,
			);
			name = LaunchScreen.storyboard;
			sourceTree = "<group>";
		};
/* End PBXVariantGroup section */

/* Begin XCBuildConfiguration section */
		2190556625F5B1150075EA59 /* Debug */ = {
			isa = XCBuildConfiguration;
			buildSettings = {
				ALWAYS_SEARCH_USER_PATHS = NO;
				CLANG_ANALYZER_NONNULL = YES;
				CLANG_ANALYZER_NUMBER_OBJECT_CONVERSION = YES_AGGRESSIVE;
				CLANG_CXX_LANGUAGE_STANDARD = "gnu++14";
				CLANG_CXX_LIBRARY = "libc++";
				CLANG_ENABLE_MODULES = YES;
				CLANG_ENABLE_OBJC_ARC = YES;
				CLANG_ENABLE_OBJC_WEAK = YES;
				CLANG_WARN_BLOCK_CAPTURE_AUTORELEASING = YES;
				CLANG_WARN_BOOL_CONVERSION = YES;
				CLANG_WARN_COMMA = YES;
				CLANG_WARN_CONSTANT_CONVERSION = YES;
				CLANG_WARN_DEPRECATED_OBJC_IMPLEMENTATIONS = YES;
				CLANG_WARN_DIRECT_OBJC_ISA_USAGE = YES_ERROR;
				CLANG_WARN_DOCUMENTATION_COMMENTS = YES;
				CLANG_WARN_EMPTY_BODY = YES;
				CLANG_WARN_ENUM_CONVERSION = YES;
				CLANG_WARN_INFINITE_RECURSION = YES;
				CLANG_WARN_INT_CONVERSION = YES;
				CLANG_WARN_NON_LITERAL_NULL_CONVERSION = YES;
				CLANG_WARN_OBJC_IMPLICIT_RETAIN_SELF = YES;
				CLANG_WARN_OBJC_LITERAL_CONVERSION = YES;
				CLANG_WARN_OBJC_ROOT_CLASS = YES_ERROR;
				CLANG_WARN_QUOTED_INCLUDE_IN_FRAMEWORK_HEADER = YES;
				CLANG_WARN_RANGE_LOOP_ANALYSIS = YES;
				CLANG_WARN_STRICT_PROTOTYPES = YES;
				CLANG_WARN_SUSPICIOUS_MOVE = YES;
				CLANG_WARN_UNGUARDED_AVAILABILITY = YES_AGGRESSIVE;
				CLANG_WARN_UNREACHABLE_CODE = YES;
				CLANG_WARN__DUPLICATE_METHOD_MATCH = YES;
				COPY_PHASE_STRIP = NO;
				DEBUG_INFORMATION_FORMAT = dwarf;
				ENABLE_STRICT_OBJC_MSGSEND = YES;
				ENABLE_TESTABILITY = YES;
				GCC_C_LANGUAGE_STANDARD = gnu11;
				GCC_DYNAMIC_NO_PIC = NO;
				GCC_NO_COMMON_BLOCKS = YES;
				GCC_OPTIMIZATION_LEVEL = 0;
				GCC_PREPROCESSOR_DEFINITIONS = (
					"DEBUG=1",
					"$(inherited)",
				);
				GCC_WARN_64_TO_32_BIT_CONVERSION = YES;
				GCC_WARN_ABOUT_RETURN_TYPE = YES_ERROR;
				GCC_WARN_UNDECLARED_SELECTOR = YES;
				GCC_WARN_UNINITIALIZED_AUTOS = YES_AGGRESSIVE;
				GCC_WARN_UNUSED_FUNCTION = YES;
				GCC_WARN_UNUSED_VARIABLE = YES;
				IPHONEOS_DEPLOYMENT_TARGET = 14.1;
				MTL_ENABLE_DEBUG_INFO = INCLUDE_SOURCE;
				MTL_FAST_MATH = YES;
				ONLY_ACTIVE_ARCH = YES;
				SDKROOT = iphoneos;
				SWIFT_ACTIVE_COMPILATION_CONDITIONS = DEBUG;
				SWIFT_OPTIMIZATION_LEVEL = "-Onone";
			};
			name = Debug;
		};
		2190556725F5B1150075EA59 /* Release */ = {
			isa = XCBuildConfiguration;
			buildSettings = {
				ALWAYS_SEARCH_USER_PATHS = NO;
				CLANG_ANALYZER_NONNULL = YES;
				CLANG_ANALYZER_NUMBER_OBJECT_CONVERSION = YES_AGGRESSIVE;
				CLANG_CXX_LANGUAGE_STANDARD = "gnu++14";
				CLANG_CXX_LIBRARY = "libc++";
				CLANG_ENABLE_MODULES = YES;
				CLANG_ENABLE_OBJC_ARC = YES;
				CLANG_ENABLE_OBJC_WEAK = YES;
				CLANG_WARN_BLOCK_CAPTURE_AUTORELEASING = YES;
				CLANG_WARN_BOOL_CONVERSION = YES;
				CLANG_WARN_COMMA = YES;
				CLANG_WARN_CONSTANT_CONVERSION = YES;
				CLANG_WARN_DEPRECATED_OBJC_IMPLEMENTATIONS = YES;
				CLANG_WARN_DIRECT_OBJC_ISA_USAGE = YES_ERROR;
				CLANG_WARN_DOCUMENTATION_COMMENTS = YES;
				CLANG_WARN_EMPTY_BODY = YES;
				CLANG_WARN_ENUM_CONVERSION = YES;
				CLANG_WARN_INFINITE_RECURSION = YES;
				CLANG_WARN_INT_CONVERSION = YES;
				CLANG_WARN_NON_LITERAL_NULL_CONVERSION = YES;
				CLANG_WARN_OBJC_IMPLICIT_RETAIN_SELF = YES;
				CLANG_WARN_OBJC_LITERAL_CONVERSION = YES;
				CLANG_WARN_OBJC_ROOT_CLASS = YES_ERROR;
				CLANG_WARN_QUOTED_INCLUDE_IN_FRAMEWORK_HEADER = YES;
				CLANG_WARN_RANGE_LOOP_ANALYSIS = YES;
				CLANG_WARN_STRICT_PROTOTYPES = YES;
				CLANG_WARN_SUSPICIOUS_MOVE = YES;
				CLANG_WARN_UNGUARDED_AVAILABILITY = YES_AGGRESSIVE;
				CLANG_WARN_UNREACHABLE_CODE = YES;
				CLANG_WARN__DUPLICATE_METHOD_MATCH = YES;
				COPY_PHASE_STRIP = NO;
				DEBUG_INFORMATION_FORMAT = "dwarf-with-dsym";
				ENABLE_NS_ASSERTIONS = NO;
				ENABLE_STRICT_OBJC_MSGSEND = YES;
				GCC_C_LANGUAGE_STANDARD = gnu11;
				GCC_NO_COMMON_BLOCKS = YES;
				GCC_WARN_64_TO_32_BIT_CONVERSION = YES;
				GCC_WARN_ABOUT_RETURN_TYPE = YES_ERROR;
				GCC_WARN_UNDECLARED_SELECTOR = YES;
				GCC_WARN_UNINITIALIZED_AUTOS = YES_AGGRESSIVE;
				GCC_WARN_UNUSED_FUNCTION = YES;
				GCC_WARN_UNUSED_VARIABLE = YES;
				IPHONEOS_DEPLOYMENT_TARGET = 14.1;
				MTL_ENABLE_DEBUG_INFO = NO;
				MTL_FAST_MATH = YES;
				SDKROOT = iphoneos;
				SWIFT_COMPILATION_MODE = wholemodule;
				SWIFT_OPTIMIZATION_LEVEL = "-O";
				VALIDATE_PRODUCT = YES;
			};
			name = Release;
		};
		2190556925F5B1150075EA59 /* Debug */ = {
			isa = XCBuildConfiguration;
			buildSettings = {
				ASSETCATALOG_COMPILER_APPICON_NAME = AppIcon;
				ASSETCATALOG_COMPILER_GLOBAL_ACCENT_COLOR_NAME = AccentColor;
				CODE_SIGN_STYLE = Automatic;
				DEVELOPMENT_TEAM = QLJ84Q3ZSY;
				INFOPLIST_FILE = IntoNewsApp/Info.plist;
				LD_RUNPATH_SEARCH_PATHS = (
					"$(inherited)",
					"@executable_path/Frameworks",
				);
				PRODUCT_BUNDLE_IDENTIFIER = com.aveldanov.IntoNewsApp;
				PRODUCT_NAME = "$(TARGET_NAME)";
				SWIFT_VERSION = 5.0;
				TARGETED_DEVICE_FAMILY = "1,2";
			};
			name = Debug;
		};
		2190556A25F5B1150075EA59 /* Release */ = {
			isa = XCBuildConfiguration;
			buildSettings = {
				ASSETCATALOG_COMPILER_APPICON_NAME = AppIcon;
				ASSETCATALOG_COMPILER_GLOBAL_ACCENT_COLOR_NAME = AccentColor;
				CODE_SIGN_STYLE = Automatic;
				DEVELOPMENT_TEAM = QLJ84Q3ZSY;
				INFOPLIST_FILE = IntoNewsApp/Info.plist;
				LD_RUNPATH_SEARCH_PATHS = (
					"$(inherited)",
					"@executable_path/Frameworks",
				);
				PRODUCT_BUNDLE_IDENTIFIER = com.aveldanov.IntoNewsApp;
				PRODUCT_NAME = "$(TARGET_NAME)";
				SWIFT_VERSION = 5.0;
				TARGETED_DEVICE_FAMILY = "1,2";
			};
			name = Release;
		};
/* End XCBuildConfiguration section */

/* Begin XCConfigurationList section */
		2190554C25F5B1130075EA59 /* Build configuration list for PBXProject "IntoNewsApp" */ = {
			isa = XCConfigurationList;
			buildConfigurations = (
				2190556625F5B1150075EA59 /* Debug */,
				2190556725F5B1150075EA59 /* Release */,
			);
			defaultConfigurationIsVisible = 0;
			defaultConfigurationName = Release;
		};
		2190556825F5B1150075EA59 /* Build configuration list for PBXNativeTarget "IntoNewsApp" */ = {
			isa = XCConfigurationList;
			buildConfigurations = (
				2190556925F5B1150075EA59 /* Debug */,
				2190556A25F5B1150075EA59 /* Release */,
			);
			defaultConfigurationIsVisible = 0;
			defaultConfigurationName = Release;
		};
/* End XCConfigurationList section */

/* Begin XCVersionGroup section */
		2190555D25F5B1130075EA59 /* IntoNewsApp.xcdatamodeld */ = {
			isa = XCVersionGroup;
			children = (
				2190555E25F5B1130075EA59 /* IntoNewsApp.xcdatamodel */,
			);
			currentVersion = 2190555E25F5B1130075EA59 /* IntoNewsApp.xcdatamodel */;
			path = IntoNewsApp.xcdatamodeld;
			sourceTree = "<group>";
			versionGroupType = wrapper.xcdatamodel;
		};
/* End XCVersionGroup section */
	};
	rootObject = 2190554925F5B1130075EA59 /* Project object */;
}
