// !$*UTF8*$!
{
	archiveVersion = 1;
	classes = {
	};
	objectVersion = 50;
	objects = {

/* Begin PBXBuildFile section */
		2155D6DB2581DC9800782A5A /* AppDelegate.swift in Sources */ = {isa = PBXBuildFile; fileRef = 2155D6DA2581DC9800782A5A /* AppDelegate.swift */; };
		2155D6DD2581DC9800782A5A /* SceneDelegate.swift in Sources */ = {isa = PBXBuildFile; fileRef = 2155D6DC2581DC9800782A5A /* SceneDelegate.swift */; };
		2155D6E22581DC9800782A5A /* Main.storyboard in Resources */ = {isa = PBXBuildFile; fileRef = 2155D6E02581DC9800782A5A /* Main.storyboard */; };
		2155D6E52581DC9800782A5A /* MVVMPracticeNew.xcdatamodeld in Sources */ = {isa = PBXBuildFile; fileRef = 2155D6E32581DC9800782A5A /* MVVMPracticeNew.xcdatamodeld */; };
		2155D6E72581DC9B00782A5A /* Assets.xcassets in Resources */ = {isa = PBXBuildFile; fileRef = 2155D6E62581DC9B00782A5A /* Assets.xcassets */; };
		2155D6EA2581DC9B00782A5A /* LaunchScreen.storyboard in Resources */ = {isa = PBXBuildFile; fileRef = 2155D6E82581DC9B00782A5A /* LaunchScreen.storyboard */; };
		2155D6F62581DD5400782A5A /* ArticleTableViewController.swift in Sources */ = {isa = PBXBuildFile; fileRef = 2155D6F52581DD5400782A5A /* ArticleTableViewController.swift */; };
		2155D6FB2581DD7400782A5A /* WebService.swift in Sources */ = {isa = PBXBuildFile; fileRef = 2155D6FA2581DD7400782A5A /* WebService.swift */; };
		2155D7012581E29C00782A5A /* Article.swift in Sources */ = {isa = PBXBuildFile; fileRef = 2155D7002581E29C00782A5A /* Article.swift */; };
		2155D7062581E40C00782A5A /* ArticleListViewModel.swift in Sources */ = {isa = PBXBuildFile; fileRef = 2155D7052581E40C00782A5A /* ArticleListViewModel.swift */; };
		2155D70B2581E77200782A5A /* ArticleTableViewCell.swift in Sources */ = {isa = PBXBuildFile; fileRef = 2155D70A2581E77200782A5A /* ArticleTableViewCell.swift */; };
/* End PBXBuildFile section */

/* Begin PBXFileReference section */
		2155D6D72581DC9800782A5A /* MVVMPracticeNew.app */ = {isa = PBXFileReference; explicitFileType = wrapper.application; includeInIndex = 0; path = MVVMPracticeNew.app; sourceTree = BUILT_PRODUCTS_DIR; };
		2155D6DA2581DC9800782A5A /* AppDelegate.swift */ = {isa = PBXFileReference; lastKnownFileType = sourcecode.swift; path = AppDelegate.swift; sourceTree = "<group>"; };
		2155D6DC2581DC9800782A5A /* SceneDelegate.swift */ = {isa = PBXFileReference; lastKnownFileType = sourcecode.swift; path = SceneDelegate.swift; sourceTree = "<group>"; };
		2155D6E12581DC9800782A5A /* Base */ = {isa = PBXFileReference; lastKnownFileType = file.storyboard; name = Base; path = Base.lproj/Main.storyboard; sourceTree = "<group>"; };
		2155D6E42581DC9800782A5A /* MVVMPracticeNew.xcdatamodel */ = {isa = PBXFileReference; lastKnownFileType = wrapper.xcdatamodel; path = MVVMPracticeNew.xcdatamodel; sourceTree = "<group>"; };
		2155D6E62581DC9B00782A5A /* Assets.xcassets */ = {isa = PBXFileReference; lastKnownFileType = folder.assetcatalog; path = Assets.xcassets; sourceTree = "<group>"; };
		2155D6E92581DC9B00782A5A /* Base */ = {isa = PBXFileReference; lastKnownFileType = file.storyboard; name = Base; path = Base.lproj/LaunchScreen.storyboard; sourceTree = "<group>"; };
		2155D6EB2581DC9B00782A5A /* Info.plist */ = {isa = PBXFileReference; lastKnownFileType = text.plist.xml; path = Info.plist; sourceTree = "<group>"; };
		2155D6F52581DD5400782A5A /* ArticleTableViewController.swift */ = {isa = PBXFileReference; lastKnownFileType = sourcecode.swift; path = ArticleTableViewController.swift; sourceTree = "<group>"; };
		2155D6FA2581DD7400782A5A /* WebService.swift */ = {isa = PBXFileReference; lastKnownFileType = sourcecode.swift; path = WebService.swift; sourceTree = "<group>"; };
		2155D7002581E29C00782A5A /* Article.swift */ = {isa = PBXFileReference; lastKnownFileType = sourcecode.swift; path = Article.swift; sourceTree = "<group>"; };
		2155D7052581E40C00782A5A /* ArticleListViewModel.swift */ = {isa = PBXFileReference; lastKnownFileType = sourcecode.swift; path = ArticleListViewModel.swift; sourceTree = "<group>"; };
		2155D70A2581E77200782A5A /* ArticleTableViewCell.swift */ = {isa = PBXFileReference; lastKnownFileType = sourcecode.swift; path = ArticleTableViewCell.swift; sourceTree = "<group>"; };
/* End PBXFileReference section */

/* Begin PBXFrameworksBuildPhase section */
		2155D6D42581DC9800782A5A /* Frameworks */ = {
			isa = PBXFrameworksBuildPhase;
			buildActionMask = 2147483647;
			files = (
			);
			runOnlyForDeploymentPostprocessing = 0;
		};
/* End PBXFrameworksBuildPhase section */

/* Begin PBXGroup section */
		2155D6CE2581DC9800782A5A = {
			isa = PBXGroup;
			children = (
				2155D6D92581DC9800782A5A /* MVVMPracticeNew */,
				2155D6D82581DC9800782A5A /* Products */,
			);
			sourceTree = "<group>";
		};
		2155D6D82581DC9800782A5A /* Products */ = {
			isa = PBXGroup;
			children = (
				2155D6D72581DC9800782A5A /* MVVMPracticeNew.app */,
			);
			name = Products;
			sourceTree = "<group>";
		};
		2155D6D92581DC9800782A5A /* MVVMPracticeNew */ = {
			isa = PBXGroup;
			children = (
				2155D7092581E76000782A5A /* Cell */,
				2155D7042581E3F400782A5A /* ViewModel */,
				2155D6FF2581E28A00782A5A /* Model */,
				2155D6F92581DD6600782A5A /* WebService */,
				2155D6F42581DD3000782A5A /* Controller */,
				2155D6F32581DD2800782A5A /* View */,
				2155D6DA2581DC9800782A5A /* AppDelegate.swift */,
				2155D6DC2581DC9800782A5A /* SceneDelegate.swift */,
				2155D6E62581DC9B00782A5A /* Assets.xcassets */,
				2155D6E82581DC9B00782A5A /* LaunchScreen.storyboard */,
				2155D6EB2581DC9B00782A5A /* Info.plist */,
				2155D6E32581DC9800782A5A /* MVVMPracticeNew.xcdatamodeld */,
			);
			path = MVVMPracticeNew;
			sourceTree = "<group>";
		};
		2155D6F32581DD2800782A5A /* View */ = {
			isa = PBXGroup;
			children = (
				2155D6E02581DC9800782A5A /* Main.storyboard */,
			);
			path = View;
			sourceTree = "<group>";
		};
		2155D6F42581DD3000782A5A /* Controller */ = {
			isa = PBXGroup;
			children = (
				2155D6F52581DD5400782A5A /* ArticleTableViewController.swift */,
			);
			path = Controller;
			sourceTree = "<group>";
		};
		2155D6F92581DD6600782A5A /* WebService */ = {
			isa = PBXGroup;
			children = (
				2155D6FA2581DD7400782A5A /* WebService.swift */,
			);
			path = WebService;
			sourceTree = "<group>";
		};
		2155D6FF2581E28A00782A5A /* Model */ = {
			isa = PBXGroup;
			children = (
				2155D7002581E29C00782A5A /* Article.swift */,
			);
			path = Model;
			sourceTree = "<group>";
		};
		2155D7042581E3F400782A5A /* ViewModel */ = {
			isa = PBXGroup;
			children = (
				2155D7052581E40C00782A5A /* ArticleListViewModel.swift */,
			);
			path = ViewModel;
			sourceTree = "<group>";
		};
		2155D7092581E76000782A5A /* Cell */ = {
			isa = PBXGroup;
			children = (
				2155D70A2581E77200782A5A /* ArticleTableViewCell.swift */,
			);
			path = Cell;
			sourceTree = "<group>";
		};
/* End PBXGroup section */

/* Begin PBXNativeTarget section */
		2155D6D62581DC9800782A5A /* MVVMPracticeNew */ = {
			isa = PBXNativeTarget;
			buildConfigurationList = 2155D6EE2581DC9B00782A5A /* Build configuration list for PBXNativeTarget "MVVMPracticeNew" */;
			buildPhases = (
				2155D6D32581DC9800782A5A /* Sources */,
				2155D6D42581DC9800782A5A /* Frameworks */,
				2155D6D52581DC9800782A5A /* Resources */,
			);
			buildRules = (
			);
			dependencies = (
			);
			name = MVVMPracticeNew;
			productName = MVVMPracticeNew;
			productReference = 2155D6D72581DC9800782A5A /* MVVMPracticeNew.app */;
			productType = "com.apple.product-type.application";
		};
/* End PBXNativeTarget section */

/* Begin PBXProject section */
		2155D6CF2581DC9800782A5A /* Project object */ = {
			isa = PBXProject;
			attributes = {
				LastSwiftUpdateCheck = 1220;
				LastUpgradeCheck = 1220;
				TargetAttributes = {
					2155D6D62581DC9800782A5A = {
						CreatedOnToolsVersion = 12.2;
					};
				};
			};
			buildConfigurationList = 2155D6D22581DC9800782A5A /* Build configuration list for PBXProject "MVVMPracticeNew" */;
			compatibilityVersion = "Xcode 9.3";
			developmentRegion = en;
			hasScannedForEncodings = 0;
			knownRegions = (
				en,
				Base,
			);
			mainGroup = 2155D6CE2581DC9800782A5A;
			productRefGroup = 2155D6D82581DC9800782A5A /* Products */;
			projectDirPath = "";
			projectRoot = "";
			targets = (
				2155D6D62581DC9800782A5A /* MVVMPracticeNew */,
			);
		};
/* End PBXProject section */

/* Begin PBXResourcesBuildPhase section */
		2155D6D52581DC9800782A5A /* Resources */ = {
			isa = PBXResourcesBuildPhase;
			buildActionMask = 2147483647;
			files = (
				2155D6EA2581DC9B00782A5A /* LaunchScreen.storyboard in Resources */,
				2155D6E72581DC9B00782A5A /* Assets.xcassets in Resources */,
				2155D6E22581DC9800782A5A /* Main.storyboard in Resources */,
			);
			runOnlyForDeploymentPostprocessing = 0;
		};
/* End PBXResourcesBuildPhase section */

/* Begin PBXSourcesBuildPhase section */
		2155D6D32581DC9800782A5A /* Sources */ = {
			isa = PBXSourcesBuildPhase;
			buildActionMask = 2147483647;
			files = (
				2155D6F62581DD5400782A5A /* ArticleTableViewController.swift in Sources */,
				2155D6DB2581DC9800782A5A /* AppDelegate.swift in Sources */,
				2155D7012581E29C00782A5A /* Article.swift in Sources */,
				2155D6DD2581DC9800782A5A /* SceneDelegate.swift in Sources */,
				2155D70B2581E77200782A5A /* ArticleTableViewCell.swift in Sources */,
				2155D6FB2581DD7400782A5A /* WebService.swift in Sources */,
				2155D6E52581DC9800782A5A /* MVVMPracticeNew.xcdatamodeld in Sources */,
				2155D7062581E40C00782A5A /* ArticleListViewModel.swift in Sources */,
			);
			runOnlyForDeploymentPostprocessing = 0;
		};
/* End PBXSourcesBuildPhase section */

/* Begin PBXVariantGroup section */
		2155D6E02581DC9800782A5A /* Main.storyboard */ = {
			isa = PBXVariantGroup;
			children = (
				2155D6E12581DC9800782A5A /* Base */,
			);
			name = Main.storyboard;
			sourceTree = "<group>";
		};
		2155D6E82581DC9B00782A5A /* LaunchScreen.storyboard */ = {
			isa = PBXVariantGroup;
			children = (
				2155D6E92581DC9B00782A5A /* Base */,
			);
			name = LaunchScreen.storyboard;
			sourceTree = "<group>";
		};
/* End PBXVariantGroup section */

/* Begin XCBuildConfiguration section */
		2155D6EC2581DC9B00782A5A /* Debug */ = {
			isa = XCBuildConfiguration;
			buildSettings = {
				ALWAYS_SEARCH_USER_PATHS = NO;
				CLANG_ANALYZER_NONNULL = YES;
				CLANG_ANALYZER_NUMBER_OBJECT_CONVERSION = YES_AGGRESSIVE;
				CLANG_CXX_LANGUAGE_STANDARD = "gnu++14";
				CLANG_CXX_LIBRARY = "libc++";
				CLANG_ENABLE_MODULES = YES;
				CLANG_ENABLE_OBJC_ARC = YES;
				CLANG_ENABLE_OBJC_WEAK = YES;
				CLANG_WARN_BLOCK_CAPTURE_AUTORELEASING = YES;
				CLANG_WARN_BOOL_CONVERSION = YES;
				CLANG_WARN_COMMA = YES;
				CLANG_WARN_CONSTANT_CONVERSION = YES;
				CLANG_WARN_DEPRECATED_OBJC_IMPLEMENTATIONS = YES;
				CLANG_WARN_DIRECT_OBJC_ISA_USAGE = YES_ERROR;
				CLANG_WARN_DOCUMENTATION_COMMENTS = YES;
				CLANG_WARN_EMPTY_BODY = YES;
				CLANG_WARN_ENUM_CONVERSION = YES;
				CLANG_WARN_INFINITE_RECURSION = YES;
				CLANG_WARN_INT_CONVERSION = YES;
				CLANG_WARN_NON_LITERAL_NULL_CONVERSION = YES;
				CLANG_WARN_OBJC_IMPLICIT_RETAIN_SELF = YES;
				CLANG_WARN_OBJC_LITERAL_CONVERSION = YES;
				CLANG_WARN_OBJC_ROOT_CLASS = YES_ERROR;
				CLANG_WARN_QUOTED_INCLUDE_IN_FRAMEWORK_HEADER = YES;
				CLANG_WARN_RANGE_LOOP_ANALYSIS = YES;
				CLANG_WARN_STRICT_PROTOTYPES = YES;
				CLANG_WARN_SUSPICIOUS_MOVE = YES;
				CLANG_WARN_UNGUARDED_AVAILABILITY = YES_AGGRESSIVE;
				CLANG_WARN_UNREACHABLE_CODE = YES;
				CLANG_WARN__DUPLICATE_METHOD_MATCH = YES;
				COPY_PHASE_STRIP = NO;
				DEBUG_INFORMATION_FORMAT = dwarf;
				ENABLE_STRICT_OBJC_MSGSEND = YES;
				ENABLE_TESTABILITY = YES;
				GCC_C_LANGUAGE_STANDARD = gnu11;
				GCC_DYNAMIC_NO_PIC = NO;
				GCC_NO_COMMON_BLOCKS = YES;
				GCC_OPTIMIZATION_LEVEL = 0;
				GCC_PREPROCESSOR_DEFINITIONS = (
					"DEBUG=1",
					"$(inherited)",
				);
				GCC_WARN_64_TO_32_BIT_CONVERSION = YES;
				GCC_WARN_ABOUT_RETURN_TYPE = YES_ERROR;
				GCC_WARN_UNDECLARED_SELECTOR = YES;
				GCC_WARN_UNINITIALIZED_AUTOS = YES_AGGRESSIVE;
				GCC_WARN_UNUSED_FUNCTION = YES;
				GCC_WARN_UNUSED_VARIABLE = YES;
				IPHONEOS_DEPLOYMENT_TARGET = 14.2;
				MTL_ENABLE_DEBUG_INFO = INCLUDE_SOURCE;
				MTL_FAST_MATH = YES;
				ONLY_ACTIVE_ARCH = YES;
				SDKROOT = iphoneos;
				SWIFT_ACTIVE_COMPILATION_CONDITIONS = DEBUG;
				SWIFT_OPTIMIZATION_LEVEL = "-Onone";
			};
			name = Debug;
		};
		2155D6ED2581DC9B00782A5A /* Release */ = {
			isa = XCBuildConfiguration;
			buildSettings = {
				ALWAYS_SEARCH_USER_PATHS = NO;
				CLANG_ANALYZER_NONNULL = YES;
				CLANG_ANALYZER_NUMBER_OBJECT_CONVERSION = YES_AGGRESSIVE;
				CLANG_CXX_LANGUAGE_STANDARD = "gnu++14";
				CLANG_CXX_LIBRARY = "libc++";
				CLANG_ENABLE_MODULES = YES;
				CLANG_ENABLE_OBJC_ARC = YES;
				CLANG_ENABLE_OBJC_WEAK = YES;
				CLANG_WARN_BLOCK_CAPTURE_AUTORELEASING = YES;
				CLANG_WARN_BOOL_CONVERSION = YES;
				CLANG_WARN_COMMA = YES;
				CLANG_WARN_CONSTANT_CONVERSION = YES;
				CLANG_WARN_DEPRECATED_OBJC_IMPLEMENTATIONS = YES;
				CLANG_WARN_DIRECT_OBJC_ISA_USAGE = YES_ERROR;
				CLANG_WARN_DOCUMENTATION_COMMENTS = YES;
				CLANG_WARN_EMPTY_BODY = YES;
				CLANG_WARN_ENUM_CONVERSION = YES;
				CLANG_WARN_INFINITE_RECURSION = YES;
				CLANG_WARN_INT_CONVERSION = YES;
				CLANG_WARN_NON_LITERAL_NULL_CONVERSION = YES;
				CLANG_WARN_OBJC_IMPLICIT_RETAIN_SELF = YES;
				CLANG_WARN_OBJC_LITERAL_CONVERSION = YES;
				CLANG_WARN_OBJC_ROOT_CLASS = YES_ERROR;
				CLANG_WARN_QUOTED_INCLUDE_IN_FRAMEWORK_HEADER = YES;
				CLANG_WARN_RANGE_LOOP_ANALYSIS = YES;
				CLANG_WARN_STRICT_PROTOTYPES = YES;
				CLANG_WARN_SUSPICIOUS_MOVE = YES;
				CLANG_WARN_UNGUARDED_AVAILABILITY = YES_AGGRESSIVE;
				CLANG_WARN_UNREACHABLE_CODE = YES;
				CLANG_WARN__DUPLICATE_METHOD_MATCH = YES;
				COPY_PHASE_STRIP = NO;
				DEBUG_INFORMATION_FORMAT = "dwarf-with-dsym";
				ENABLE_NS_ASSERTIONS = NO;
				ENABLE_STRICT_OBJC_MSGSEND = YES;
				GCC_C_LANGUAGE_STANDARD = gnu11;
				GCC_NO_COMMON_BLOCKS = YES;
				GCC_WARN_64_TO_32_BIT_CONVERSION = YES;
				GCC_WARN_ABOUT_RETURN_TYPE = YES_ERROR;
				GCC_WARN_UNDECLARED_SELECTOR = YES;
				GCC_WARN_UNINITIALIZED_AUTOS = YES_AGGRESSIVE;
				GCC_WARN_UNUSED_FUNCTION = YES;
				GCC_WARN_UNUSED_VARIABLE = YES;
				IPHONEOS_DEPLOYMENT_TARGET = 14.2;
				MTL_ENABLE_DEBUG_INFO = NO;
				MTL_FAST_MATH = YES;
				SDKROOT = iphoneos;
				SWIFT_COMPILATION_MODE = wholemodule;
				SWIFT_OPTIMIZATION_LEVEL = "-O";
				VALIDATE_PRODUCT = YES;
			};
			name = Release;
		};
		2155D6EF2581DC9B00782A5A /* Debug */ = {
			isa = XCBuildConfiguration;
			buildSettings = {
				ASSETCATALOG_COMPILER_APPICON_NAME = AppIcon;
				ASSETCATALOG_COMPILER_GLOBAL_ACCENT_COLOR_NAME = AccentColor;
				CODE_SIGN_STYLE = Automatic;
				DEVELOPMENT_TEAM = QLJ84Q3ZSY;
				INFOPLIST_FILE = MVVMPracticeNew/Info.plist;
				LD_RUNPATH_SEARCH_PATHS = (
					"$(inherited)",
					"@executable_path/Frameworks",
				);
				PRODUCT_BUNDLE_IDENTIFIER = com.aveldanov.MVVMPracticeNew;
				PRODUCT_NAME = "$(TARGET_NAME)";
				SWIFT_VERSION = 5.0;
				TARGETED_DEVICE_FAMILY = "1,2";
			};
			name = Debug;
		};
		2155D6F02581DC9B00782A5A /* Release */ = {
			isa = XCBuildConfiguration;
			buildSettings = {
				ASSETCATALOG_COMPILER_APPICON_NAME = AppIcon;
				ASSETCATALOG_COMPILER_GLOBAL_ACCENT_COLOR_NAME = AccentColor;
				CODE_SIGN_STYLE = Automatic;
				DEVELOPMENT_TEAM = QLJ84Q3ZSY;
				INFOPLIST_FILE = MVVMPracticeNew/Info.plist;
				LD_RUNPATH_SEARCH_PATHS = (
					"$(inherited)",
					"@executable_path/Frameworks",
				);
				PRODUCT_BUNDLE_IDENTIFIER = com.aveldanov.MVVMPracticeNew;
				PRODUCT_NAME = "$(TARGET_NAME)";
				SWIFT_VERSION = 5.0;
				TARGETED_DEVICE_FAMILY = "1,2";
			};
			name = Release;
		};
/* End XCBuildConfiguration section */

/* Begin XCConfigurationList section */
		2155D6D22581DC9800782A5A /* Build configuration list for PBXProject "MVVMPracticeNew" */ = {
			isa = XCConfigurationList;
			buildConfigurations = (
				2155D6EC2581DC9B00782A5A /* Debug */,
				2155D6ED2581DC9B00782A5A /* Release */,
			);
			defaultConfigurationIsVisible = 0;
			defaultConfigurationName = Release;
		};
		2155D6EE2581DC9B00782A5A /* Build configuration list for PBXNativeTarget "MVVMPracticeNew" */ = {
			isa = XCConfigurationList;
			buildConfigurations = (
				2155D6EF2581DC9B00782A5A /* Debug */,
				2155D6F02581DC9B00782A5A /* Release */,
			);
			defaultConfigurationIsVisible = 0;
			defaultConfigurationName = Release;
		};
/* End XCConfigurationList section */

/* Begin XCVersionGroup section */
		2155D6E32581DC9800782A5A /* MVVMPracticeNew.xcdatamodeld */ = {
			isa = XCVersionGroup;
			children = (
				2155D6E42581DC9800782A5A /* MVVMPracticeNew.xcdatamodel */,
			);
			currentVersion = 2155D6E42581DC9800782A5A /* MVVMPracticeNew.xcdatamodel */;
			path = MVVMPracticeNew.xcdatamodeld;
			sourceTree = "<group>";
			versionGroupType = wrapper.xcdatamodel;
		};
/* End XCVersionGroup section */
	};
	rootObject = 2155D6CF2581DC9800782A5A /* Project object */;
}
